<?xml version="1.0" encoding="utf-8"?>
<Project ToolsVersion="17.0" xmlns="http://schemas.microsoft.com/developer/msbuild/2003">
  <ItemGroup>
    <ClCompile Include="C:\GitHub\VGP230\vgp230\Classes\AppDelegate.cpp">
      <Filter>Source Files\Classes</Filter>
    </ClCompile>
    <ClCompile Include="C:\GitHub\VGP230\vgp230\Classes\Assignment1.cpp">
      <Filter>Source Files\Classes</Filter>
    </ClCompile>
    <ClCompile Include="C:\GitHub\VGP230\vgp230\Classes\Assignment2.cpp">
      <Filter>Source Files\Classes</Filter>
    </ClCompile>
    <ClCompile Include="C:\GitHub\VGP230\vgp230\Classes\HelloWorldScene.cpp">
      <Filter>Source Files\Classes</Filter>
    </ClCompile>
    <ClCompile Include="C:\GitHub\VGP230\vgp230\proj.win32\main.cpp">
      <Filter>Source Files\proj.win32</Filter>
    </ClCompile>
    <ClCompile Include="C:\GitHub\VGP230\vgp230\cocos2d\cocos\precheader.cpp">
      <Filter>Source Files</Filter>
    </ClCompile>
    <ClCompile Include="..\Classes\Ball.cpp">
      <Filter>Source Files\Classes</Filter>
    </ClCompile>
  </ItemGroup>
  <ItemGroup>
    <ClInclude Include="C:\GitHub\VGP230\vgp230\Classes\AppDelegate.h">
      <Filter>Source Files\Classes</Filter>
    </ClInclude>
    <ClInclude Include="C:\GitHub\VGP230\vgp230\Classes\Assignment1.h">
      <Filter>Source Files\Classes</Filter>
    </ClInclude>
    <ClInclude Include="C:\GitHub\VGP230\vgp230\Classes\Assignment2.h">
      <Filter>Source Files\Classes</Filter>
    </ClInclude>
    <ClInclude Include="C:\GitHub\VGP230\vgp230\Classes\HelloWorldScene.h">
      <Filter>Source Files\Classes</Filter>
    </ClInclude>
    <ClInclude Include="C:\GitHub\VGP230\vgp230\proj.win32\main.h">
      <Filter>Source Files\proj.win32</Filter>
    </ClInclude>
    <ClInclude Include="C:\GitHub\VGP230\vgp230\proj.win32\resource.h">
      <Filter>Source Files\proj.win32</Filter>
    </ClInclude>
    <ClInclude Include="C:\GitHub\VGP230\vgp230\Resources\CloseNormal.png">
      <Filter>Resources</Filter>
    </ClInclude>
    <ClInclude Include="C:\GitHub\VGP230\vgp230\Resources\CloseSelected.png">
      <Filter>Resources</Filter>
    </ClInclude>
    <ClInclude Include="C:\GitHub\VGP230\vgp230\Resources\HelloWorld.png">
      <Filter>Resources</Filter>
    </ClInclude>
    <ClInclude Include="C:\GitHub\VGP230\vgp230\Resources\bar_empty.png">
      <Filter>Resources</Filter>
    </ClInclude>
    <ClInclude Include="C:\GitHub\VGP230\vgp230\Resources\bar_red.png">
      <Filter>Resources</Filter>
    </ClInclude>
    <ClInclude Include="C:\GitHub\VGP230\vgp230\Resources\black.jpg">
      <Filter>Resources</Filter>
    </ClInclude>
    <ClInclude Include="C:\GitHub\VGP230\vgp230\Resources\blood_effect.png">
      <Filter>Resources</Filter>
    </ClInclude>
    <ClInclude Include="C:\GitHub\VGP230\vgp230\Resources\bloodsplats.png">
      <Filter>Resources</Filter>
    </ClInclude>
    <ClInclude Include="C:\GitHub\VGP230\vgp230\Resources\blue.jpg">
      <Filter>Resources</Filter>
    </ClInclude>
    <ClInclude Include="C:\GitHub\VGP230\vgp230\Resources\bullet1.png">
      <Filter>Resources</Filter>
    </ClInclude>
    <ClInclude Include="C:\GitHub\VGP230\vgp230\Resources\bullet2.png">
      <Filter>Resources</Filter>
    </ClInclude>
    <ClInclude Include="C:\GitHub\VGP230\vgp230\Resources\bullet_bill.png">
      <Filter>Resources</Filter>
    </ClInclude>
    <ClInclude Include="C:\GitHub\VGP230\vgp230\Resources\button_off.png">
      <Filter>Resources</Filter>
    </ClInclude>
    <ClInclude Include="C:\GitHub\VGP230\vgp230\Resources\button_on.png">
      <Filter>Resources</Filter>
    </ClInclude>
    <ClInclude Include="C:\GitHub\VGP230\vgp230\Resources\carrier_01.png">
      <Filter>Resources</Filter>
    </ClInclude>
    <ClInclude Include="C:\GitHub\VGP230\vgp230\Resources\carrier_02.png">
      <Filter>Resources</Filter>
    </ClInclude>
    <ClInclude Include="C:\GitHub\VGP230\vgp230\Resources\carrier_03.png">
      <Filter>Resources</Filter>
    </ClInclude>
    <ClInclude Include="C:\GitHub\VGP230\vgp230\Resources\carrier_04.png">
      <Filter>Resources</Filter>
    </ClInclude>
    <ClInclude Include="C:\GitHub\VGP230\vgp230\Resources\carrier_05.png">
      <Filter>Resources</Filter>
    </ClInclude>
    <ClInclude Include="C:\GitHub\VGP230\vgp230\Resources\carrier_06.png">
      <Filter>Resources</Filter>
    </ClInclude>
    <ClInclude Include="C:\GitHub\VGP230\vgp230\Resources\carrier_07.png">
      <Filter>Resources</Filter>
    </ClInclude>
    <ClInclude Include="C:\GitHub\VGP230\vgp230\Resources\carrier_08.png">
      <Filter>Resources</Filter>
    </ClInclude>
    <ClInclude Include="C:\GitHub\VGP230\vgp230\Resources\carrier_09.png">
      <Filter>Resources</Filter>
    </ClInclude>
    <ClInclude Include="C:\GitHub\VGP230\vgp230\Resources\carrier_10.png">
      <Filter>Resources</Filter>
    </ClInclude>
    <ClInclude Include="C:\GitHub\VGP230\vgp230\Resources\carrier_11.png">
      <Filter>Resources</Filter>
    </ClInclude>
    <ClInclude Include="C:\GitHub\VGP230\vgp230\Resources\carrier_12.png">
      <Filter>Resources</Filter>
    </ClInclude>
    <ClInclude Include="C:\GitHub\VGP230\vgp230\Resources\carrier_13.png">
      <Filter>Resources</Filter>
    </ClInclude>
    <ClInclude Include="C:\GitHub\VGP230\vgp230\Resources\carrier_14.png">
      <Filter>Resources</Filter>
    </ClInclude>
    <ClInclude Include="C:\GitHub\VGP230\vgp230\Resources\carrier_15.png">
      <Filter>Resources</Filter>
    </ClInclude>
    <ClInclude Include="C:\GitHub\VGP230\vgp230\Resources\carrier_16.png">
      <Filter>Resources</Filter>
    </ClInclude>
    <ClInclude Include="C:\GitHub\VGP230\vgp230\Resources\carrier_17.png">
      <Filter>Resources</Filter>
    </ClInclude>
    <ClInclude Include="C:\GitHub\VGP230\vgp230\Resources\carrier_18.png">
      <Filter>Resources</Filter>
    </ClInclude>
    <ClInclude Include="C:\GitHub\VGP230\vgp230\Resources\carrier_19.png">
      <Filter>Resources</Filter>
    </ClInclude>
    <ClInclude Include="C:\GitHub\VGP230\vgp230\Resources\carrier_20.png">
      <Filter>Resources</Filter>
    </ClInclude>
    <ClInclude Include="C:\GitHub\VGP230\vgp230\Resources\carrier_21.png">
      <Filter>Resources</Filter>
    </ClInclude>
    <ClInclude Include="C:\GitHub\VGP230\vgp230\Resources\carrier_22.png">
      <Filter>Resources</Filter>
    </ClInclude>
    <ClInclude Include="C:\GitHub\VGP230\vgp230\Resources\carrier_23.png">
      <Filter>Resources</Filter>
    </ClInclude>
    <ClInclude Include="C:\GitHub\VGP230\vgp230\Resources\carrier_24.png">
      <Filter>Resources</Filter>
    </ClInclude>
    <ClInclude Include="C:\GitHub\VGP230\vgp230\Resources\carrier_25.png">
      <Filter>Resources</Filter>
    </ClInclude>
    <ClInclude Include="C:\GitHub\VGP230\vgp230\Resources\carrier_26.png">
      <Filter>Resources</Filter>
    </ClInclude>
    <ClInclude Include="C:\GitHub\VGP230\vgp230\Resources\carrier_27.png">
      <Filter>Resources</Filter>
    </ClInclude>
    <ClInclude Include="C:\GitHub\VGP230\vgp230\Resources\carrier_28.png">
      <Filter>Resources</Filter>
    </ClInclude>
    <ClInclude Include="C:\GitHub\VGP230\vgp230\Resources\carrier_29.png">
      <Filter>Resources</Filter>
    </ClInclude>
    <ClInclude Include="C:\GitHub\VGP230\vgp230\Resources\carrier_30.png">
      <Filter>Resources</Filter>
    </ClInclude>
    <ClInclude Include="C:\GitHub\VGP230\vgp230\Resources\carrier_31.png">
      <Filter>Resources</Filter>
    </ClInclude>
    <ClInclude Include="C:\GitHub\VGP230\vgp230\Resources\carrier_32.png">
      <Filter>Resources</Filter>
    </ClInclude>
    <ClInclude Include="C:\GitHub\VGP230\vgp230\Resources\carrot.png">
      <Filter>Resources</Filter>
    </ClInclude>
    <ClInclude Include="C:\GitHub\VGP230\vgp230\Resources\crosshair.png">
      <Filter>Resources</Filter>
    </ClInclude>
    <ClInclude Include="C:\GitHub\VGP230\vgp230\Resources\cyan.jpg">
      <Filter>Resources</Filter>
    </ClInclude>
    <ClInclude Include="C:\GitHub\VGP230\vgp230\Resources\explosion.png">
      <Filter>Resources</Filter>
    </ClInclude>
    <ClInclude Include="C:\GitHub\VGP230\vgp230\Resources\explosion_anim.png">
      <Filter>Resources</Filter>
    </ClInclude>
    <ClInclude Include="C:\GitHub\VGP230\vgp230\Resources\fighter.png">
      <Filter>Resources</Filter>
    </ClInclude>
    <ClInclude Include="C:\GitHub\VGP230\vgp230\Resources\flare_handgun.png">
      <Filter>Resources</Filter>
    </ClInclude>
    <ClInclude Include="C:\GitHub\VGP230\vgp230\Resources\flare_rifle.png">
      <Filter>Resources</Filter>
    </ClInclude>
    <ClInclude Include="C:\GitHub\VGP230\vgp230\Resources\flare_shotgun.png">
      <Filter>Resources</Filter>
    </ClInclude>
    <ClInclude Include="C:\GitHub\VGP230\vgp230\Resources\flower.png">
      <Filter>Resources</Filter>
    </ClInclude>
    <ClInclude Include="C:\GitHub\VGP230\vgp230\Resources\flower_2.png">
      <Filter>Resources</Filter>
    </ClInclude>
    <ClInclude Include="C:\GitHub\VGP230\vgp230\Resources\fonts\Marker Felt.ttf">
      <Filter>Resources\fonts</Filter>
    </ClInclude>
    <ClInclude Include="C:\GitHub\VGP230\vgp230\Resources\fonts\arial.ttf">
      <Filter>Resources\fonts</Filter>
    </ClInclude>
    <ClInclude Include="C:\GitHub\VGP230\vgp230\Resources\grass.png">
      <Filter>Resources</Filter>
    </ClInclude>
    <ClInclude Include="C:\GitHub\VGP230\vgp230\Resources\grass_2.png">
      <Filter>Resources</Filter>
    </ClInclude>
    <ClInclude Include="C:\GitHub\VGP230\vgp230\Resources\green.jpg">
      <Filter>Resources</Filter>
    </ClInclude>
    <ClInclude Include="C:\GitHub\VGP230\vgp230\Resources\hummer.png">
      <Filter>Resources</Filter>
    </ClInclude>
    <ClInclude Include="C:\GitHub\VGP230\vgp230\Resources\interceptor_01.png">
      <Filter>Resources</Filter>
    </ClInclude>
    <ClInclude Include="C:\GitHub\VGP230\vgp230\Resources\interceptor_02.png">
      <Filter>Resources</Filter>
    </ClInclude>
    <ClInclude Include="C:\GitHub\VGP230\vgp230\Resources\interceptor_03.png">
      <Filter>Resources</Filter>
    </ClInclude>
    <ClInclude Include="C:\GitHub\VGP230\vgp230\Resources\interceptor_04.png">
      <Filter>Resources</Filter>
    </ClInclude>
    <ClInclude Include="C:\GitHub\VGP230\vgp230\Resources\interceptor_05.png">
      <Filter>Resources</Filter>
    </ClInclude>
    <ClInclude Include="C:\GitHub\VGP230\vgp230\Resources\interceptor_06.png">
      <Filter>Resources</Filter>
    </ClInclude>
    <ClInclude Include="C:\GitHub\VGP230\vgp230\Resources\interceptor_07.png">
      <Filter>Resources</Filter>
    </ClInclude>
    <ClInclude Include="C:\GitHub\VGP230\vgp230\Resources\interceptor_08.png">
      <Filter>Resources</Filter>
    </ClInclude>
    <ClInclude Include="C:\GitHub\VGP230\vgp230\Resources\interceptor_09.png">
      <Filter>Resources</Filter>
    </ClInclude>
    <ClInclude Include="C:\GitHub\VGP230\vgp230\Resources\interceptor_10.png">
      <Filter>Resources</Filter>
    </ClInclude>
    <ClInclude Include="C:\GitHub\VGP230\vgp230\Resources\interceptor_11.png">
      <Filter>Resources</Filter>
    </ClInclude>
    <ClInclude Include="C:\GitHub\VGP230\vgp230\Resources\interceptor_12.png">
      <Filter>Resources</Filter>
    </ClInclude>
    <ClInclude Include="C:\GitHub\VGP230\vgp230\Resources\interceptor_13.png">
      <Filter>Resources</Filter>
    </ClInclude>
    <ClInclude Include="C:\GitHub\VGP230\vgp230\Resources\interceptor_14.png">
      <Filter>Resources</Filter>
    </ClInclude>
    <ClInclude Include="C:\GitHub\VGP230\vgp230\Resources\interceptor_15.png">
      <Filter>Resources</Filter>
    </ClInclude>
    <ClInclude Include="C:\GitHub\VGP230\vgp230\Resources\interceptor_16.png">
      <Filter>Resources</Filter>
    </ClInclude>
    <ClInclude Include="C:\GitHub\VGP230\vgp230\Resources\interceptor_17.png">
      <Filter>Resources</Filter>
    </ClInclude>
    <ClInclude Include="C:\GitHub\VGP230\vgp230\Resources\interceptor_18.png">
      <Filter>Resources</Filter>
    </ClInclude>
    <ClInclude Include="C:\GitHub\VGP230\vgp230\Resources\interceptor_19.png">
      <Filter>Resources</Filter>
    </ClInclude>
    <ClInclude Include="C:\GitHub\VGP230\vgp230\Resources\interceptor_20.png">
      <Filter>Resources</Filter>
    </ClInclude>
    <ClInclude Include="C:\GitHub\VGP230\vgp230\Resources\interceptor_21.png">
      <Filter>Resources</Filter>
    </ClInclude>
    <ClInclude Include="C:\GitHub\VGP230\vgp230\Resources\interceptor_22.png">
      <Filter>Resources</Filter>
    </ClInclude>
    <ClInclude Include="C:\GitHub\VGP230\vgp230\Resources\interceptor_23.png">
      <Filter>Resources</Filter>
    </ClInclude>
    <ClInclude Include="C:\GitHub\VGP230\vgp230\Resources\interceptor_24.png">
      <Filter>Resources</Filter>
    </ClInclude>
    <ClInclude Include="C:\GitHub\VGP230\vgp230\Resources\interceptor_25.png">
      <Filter>Resources</Filter>
    </ClInclude>
    <ClInclude Include="C:\GitHub\VGP230\vgp230\Resources\interceptor_26.png">
      <Filter>Resources</Filter>
    </ClInclude>
    <ClInclude Include="C:\GitHub\VGP230\vgp230\Resources\interceptor_27.png">
      <Filter>Resources</Filter>
    </ClInclude>
    <ClInclude Include="C:\GitHub\VGP230\vgp230\Resources\interceptor_28.png">
      <Filter>Resources</Filter>
    </ClInclude>
    <ClInclude Include="C:\GitHub\VGP230\vgp230\Resources\interceptor_29.png">
      <Filter>Resources</Filter>
    </ClInclude>
    <ClInclude Include="C:\GitHub\VGP230\vgp230\Resources\interceptor_30.png">
      <Filter>Resources</Filter>
    </ClInclude>
    <ClInclude Include="C:\GitHub\VGP230\vgp230\Resources\interceptor_31.png">
      <Filter>Resources</Filter>
    </ClInclude>
    <ClInclude Include="C:\GitHub\VGP230\vgp230\Resources\interceptor_32.png">
      <Filter>Resources</Filter>
    </ClInclude>
    <ClInclude Include="C:\GitHub\VGP230\vgp230\Resources\jeep.png">
      <Filter>Resources</Filter>
    </ClInclude>
    <ClInclude Include="C:\GitHub\VGP230\vgp230\Resources\lamborghini.png">
      <Filter>Resources</Filter>
    </ClInclude>
    <ClInclude Include="C:\GitHub\VGP230\vgp230\Resources\map.jpg">
      <Filter>Resources</Filter>
    </ClInclude>
    <ClInclude Include="C:\GitHub\VGP230\vgp230\Resources\marinez.png">
      <Filter>Resources</Filter>
    </ClInclude>
    <ClInclude Include="C:\GitHub\VGP230\vgp230\Resources\mario.png">
      <Filter>Resources</Filter>
    </ClInclude>
    <ClInclude Include="C:\GitHub\VGP230\vgp230\Resources\mario_fall_01.png">
      <Filter>Resources</Filter>
    </ClInclude>
    <ClInclude Include="C:\GitHub\VGP230\vgp230\Resources\mario_idle_01.png">
      <Filter>Resources</Filter>
    </ClInclude>
    <ClInclude Include="C:\GitHub\VGP230\vgp230\Resources\mario_idle_02.png">
      <Filter>Resources</Filter>
    </ClInclude>
    <ClInclude Include="C:\GitHub\VGP230\vgp230\Resources\mario_jump_01.png">
      <Filter>Resources</Filter>
    </ClInclude>
    <ClInclude Include="C:\GitHub\VGP230\vgp230\Resources\mario_walk_01.png">
      <Filter>Resources</Filter>
    </ClInclude>
    <ClInclude Include="C:\GitHub\VGP230\vgp230\Resources\mario_walk_02.png">
      <Filter>Resources</Filter>
    </ClInclude>
    <ClInclude Include="C:\GitHub\VGP230\vgp230\Resources\minerals.png">
      <Filter>Resources</Filter>
    </ClInclude>
    <ClInclude Include="C:\GitHub\VGP230\vgp230\Resources\mushroom.png">
      <Filter>Resources</Filter>
    </ClInclude>
    <ClInclude Include="C:\GitHub\VGP230\vgp230\Resources\muzzle_flare.png">
      <Filter>Resources</Filter>
    </ClInclude>
    <ClInclude Include="C:\GitHub\VGP230\vgp230\Resources\pikachu.png">
      <Filter>Resources</Filter>
    </ClInclude>
    <ClInclude Include="C:\GitHub\VGP230\vgp230\Resources\pix.png">
      <Filter>Resources</Filter>
    </ClInclude>
    <ClInclude Include="C:\GitHub\VGP230\vgp230\Resources\pix_about.png">
      <Filter>Resources</Filter>
    </ClInclude>
    <ClInclude Include="C:\GitHub\VGP230\vgp230\Resources\purple.jpg">
      <Filter>Resources</Filter>
    </ClInclude>
    <ClInclude Include="C:\GitHub\VGP230\vgp230\Resources\qmark.png">
      <Filter>Resources</Filter>
    </ClInclude>
    <ClInclude Include="C:\GitHub\VGP230\vgp230\Resources\red.jpg">
      <Filter>Resources</Filter>
    </ClInclude>
    <ClInclude Include="C:\GitHub\VGP230\vgp230\Resources\red_car.png">
      <Filter>Resources</Filter>
    </ClInclude>
    <ClInclude Include="C:\GitHub\VGP230\vgp230\Resources\refinery_01.png">
      <Filter>Resources</Filter>
    </ClInclude>
    <ClInclude Include="C:\GitHub\VGP230\vgp230\Resources\refinery_02.png">
      <Filter>Resources</Filter>
    </ClInclude>
    <ClInclude Include="C:\GitHub\VGP230\vgp230\Resources\refinery_03.png">
      <Filter>Resources</Filter>
    </ClInclude>
    <ClInclude Include="C:\GitHub\VGP230\vgp230\Resources\refinery_04.png">
      <Filter>Resources</Filter>
    </ClInclude>
    <ClInclude Include="C:\GitHub\VGP230\vgp230\Resources\refinery_05.png">
      <Filter>Resources</Filter>
    </ClInclude>
    <ClInclude Include="C:\GitHub\VGP230\vgp230\Resources\res\.gitkeep">
      <Filter>Resources\res</Filter>
    </ClInclude>
    <ClInclude Include="C:\GitHub\VGP230\vgp230\Resources\scv_01.png">
      <Filter>Resources</Filter>
    </ClInclude>
    <ClInclude Include="C:\GitHub\VGP230\vgp230\Resources\scv_02.png">
      <Filter>Resources</Filter>
    </ClInclude>
    <ClInclude Include="C:\GitHub\VGP230\vgp230\Resources\scv_03.png">
      <Filter>Resources</Filter>
    </ClInclude>
    <ClInclude Include="C:\GitHub\VGP230\vgp230\Resources\scv_04.png">
      <Filter>Resources</Filter>
    </ClInclude>
    <ClInclude Include="C:\GitHub\VGP230\vgp230\Resources\scv_05.png">
      <Filter>Resources</Filter>
    </ClInclude>
    <ClInclude Include="C:\GitHub\VGP230\vgp230\Resources\scv_06.png">
      <Filter>Resources</Filter>
    </ClInclude>
    <ClInclude Include="C:\GitHub\VGP230\vgp230\Resources\scv_07.png">
      <Filter>Resources</Filter>
    </ClInclude>
    <ClInclude Include="C:\GitHub\VGP230\vgp230\Resources\scv_08.png">
      <Filter>Resources</Filter>
    </ClInclude>
    <ClInclude Include="C:\GitHub\VGP230\vgp230\Resources\scv_09.png">
      <Filter>Resources</Filter>
    </ClInclude>
    <ClInclude Include="C:\GitHub\VGP230\vgp230\Resources\scv_10.png">
      <Filter>Resources</Filter>
    </ClInclude>
    <ClInclude Include="C:\GitHub\VGP230\vgp230\Resources\scv_11.png">
      <Filter>Resources</Filter>
    </ClInclude>
    <ClInclude Include="C:\GitHub\VGP230\vgp230\Resources\scv_12.png">
      <Filter>Resources</Filter>
    </ClInclude>
    <ClInclude Include="C:\GitHub\VGP230\vgp230\Resources\scv_13.png">
      <Filter>Resources</Filter>
    </ClInclude>
    <ClInclude Include="C:\GitHub\VGP230\vgp230\Resources\scv_14.png">
      <Filter>Resources</Filter>
    </ClInclude>
    <ClInclude Include="C:\GitHub\VGP230\vgp230\Resources\scv_15.png">
      <Filter>Resources</Filter>
    </ClInclude>
    <ClInclude Include="C:\GitHub\VGP230\vgp230\Resources\scv_16.png">
      <Filter>Resources</Filter>
    </ClInclude>
    <ClInclude Include="C:\GitHub\VGP230\vgp230\Resources\seamless_grass.jpg">
      <Filter>Resources</Filter>
    </ClInclude>
    <ClInclude Include="C:\GitHub\VGP230\vgp230\Resources\space.jpg">
      <Filter>Resources</Filter>
    </ClInclude>
    <ClInclude Include="C:\GitHub\VGP230\vgp230\Resources\splashscreen.bmp">
      <Filter>Resources</Filter>
    </ClInclude>
    <ClInclude Include="C:\GitHub\VGP230\vgp230\Resources\spritesheet.json">
      <Filter>Resources</Filter>
    </ClInclude>
    <ClInclude Include="C:\GitHub\VGP230\vgp230\Resources\spritesheet.png">
      <Filter>Resources</Filter>
    </ClInclude>
    <ClInclude Include="C:\GitHub\VGP230\vgp230\Resources\starcraft_buildings.png">
      <Filter>Resources</Filter>
    </ClInclude>
    <ClInclude Include="C:\GitHub\VGP230\vgp230\Resources\stone.png">
      <Filter>Resources</Filter>
    </ClInclude>
    <ClInclude Include="C:\GitHub\VGP230\vgp230\Resources\survivor_handgun.png">
      <Filter>Resources</Filter>
    </ClInclude>
    <ClInclude Include="C:\GitHub\VGP230\vgp230\Resources\survivor_rifle.png">
      <Filter>Resources</Filter>
    </ClInclude>
    <ClInclude Include="C:\GitHub\VGP230\vgp230\Resources\survivor_shotgun.png">
      <Filter>Resources</Filter>
    </ClInclude>
    <ClInclude Include="C:\GitHub\VGP230\vgp230\Resources\sword.png">
      <Filter>Resources</Filter>
    </ClInclude>
    <ClInclude Include="C:\GitHub\VGP230\vgp230\Resources\terranscv.png">
      <Filter>Resources</Filter>
    </ClInclude>
    <ClInclude Include="C:\GitHub\VGP230\vgp230\Resources\tesla.png">
      <Filter>Resources</Filter>
    </ClInclude>
    <ClInclude Include="C:\GitHub\VGP230\vgp230\Resources\track_01.png">
      <Filter>Resources</Filter>
    </ClInclude>
    <ClInclude Include="C:\GitHub\VGP230\vgp230\Resources\track_02.png">
      <Filter>Resources</Filter>
    </ClInclude>
    <ClInclude Include="C:\GitHub\VGP230\vgp230\Resources\track_03.png">
      <Filter>Resources</Filter>
    </ClInclude>
    <ClInclude Include="C:\GitHub\VGP230\vgp230\Resources\track_04.png">
      <Filter>Resources</Filter>
    </ClInclude>
    <ClInclude Include="C:\GitHub\VGP230\vgp230\Resources\track_05.png">
      <Filter>Resources</Filter>
    </ClInclude>
    <ClInclude Include="C:\GitHub\VGP230\vgp230\Resources\track_06.png">
      <Filter>Resources</Filter>
    </ClInclude>
    <ClInclude Include="C:\GitHub\VGP230\vgp230\Resources\track_07.png">
      <Filter>Resources</Filter>
    </ClInclude>
    <ClInclude Include="C:\GitHub\VGP230\vgp230\Resources\track_08.png">
      <Filter>Resources</Filter>
    </ClInclude>
    <ClInclude Include="C:\GitHub\VGP230\vgp230\Resources\track_09.png">
      <Filter>Resources</Filter>
    </ClInclude>
    <ClInclude Include="C:\GitHub\VGP230\vgp230\Resources\track_10.png">
      <Filter>Resources</Filter>
    </ClInclude>
    <ClInclude Include="C:\GitHub\VGP230\vgp230\Resources\tree0.png">
      <Filter>Resources</Filter>
    </ClInclude>
    <ClInclude Include="C:\GitHub\VGP230\vgp230\Resources\tree0_2.png">
      <Filter>Resources</Filter>
    </ClInclude>
    <ClInclude Include="C:\GitHub\VGP230\vgp230\Resources\tree1.png">
      <Filter>Resources</Filter>
    </ClInclude>
    <ClInclude Include="C:\GitHub\VGP230\vgp230\Resources\tree1_2.png">
      <Filter>Resources</Filter>
    </ClInclude>
    <ClInclude Include="C:\GitHub\VGP230\vgp230\Resources\tree2.png">
      <Filter>Resources</Filter>
    </ClInclude>
    <ClInclude Include="C:\GitHub\VGP230\vgp230\Resources\tree2_2.png">
      <Filter>Resources</Filter>
    </ClInclude>
    <ClInclude Include="C:\GitHub\VGP230\vgp230\Resources\tree3.png">
      <Filter>Resources</Filter>
    </ClInclude>
    <ClInclude Include="C:\GitHub\VGP230\vgp230\Resources\tree3_2.png">
      <Filter>Resources</Filter>
    </ClInclude>
    <ClInclude Include="C:\GitHub\VGP230\vgp230\Resources\white.jpg">
      <Filter>Resources</Filter>
    </ClInclude>
    <ClInclude Include="C:\GitHub\VGP230\vgp230\Resources\yellow.jpg">
      <Filter>Resources</Filter>
    </ClInclude>
    <ClInclude Include="C:\GitHub\VGP230\vgp230\Resources\zelda.png">
      <Filter>Resources</Filter>
    </ClInclude>
    <ClInclude Include="C:\GitHub\VGP230\vgp230\Resources\zombie_dead.png">
      <Filter>Resources</Filter>
    </ClInclude>
    <ClInclude Include="C:\GitHub\VGP230\vgp230\Resources\zombie_idle.png">
      <Filter>Resources</Filter>
    </ClInclude>
    <ClInclude Include="..\Classes\Ball.h">
      <Filter>Source Files\Classes</Filter>
    </ClInclude>
  </ItemGroup>
  <ItemGroup>
    <CustomBuild Include="C:\GitHub\VGP230\vgp230\CMakeLists.txt" />
  </ItemGroup>
  <ItemGroup>
    <ResourceCompile Include="C:\GitHub\VGP230\vgp230\proj.win32\game.rc">
      <Filter>Source Files\proj.win32</Filter>
    </ResourceCompile>
  </ItemGroup>
  <ItemGroup>
    <Filter Include="Resources">
      <UniqueIdentifier>{4B048655-F874-384B-93CC-13648CDA6ADC}</UniqueIdentifier>
    </Filter>
    <Filter Include="Resources\fonts">
      <UniqueIdentifier>{0C864521-3517-3A65-A040-2002C5E2DC29}</UniqueIdentifier>
    </Filter>
    <Filter Include="Resources\res">
      <UniqueIdentifier>{DB05BDE1-BED6-3F78-A71C-F0A0B3CD5D13}</UniqueIdentifier>
    </Filter>
    <Filter Include="Source Files">
      <UniqueIdentifier>{F2F39493-B182-3C8D-B241-2EB53ECB1F9E}</UniqueIdentifier>
    </Filter>
    <Filter Include="Source Files\Classes">
      <UniqueIdentifier>{E77DDD7F-8C12-32B7-9E1F-7CF543EF488A}</UniqueIdentifier>
    </Filter>
    <Filter Include="Source Files\proj.win32">
      <UniqueIdentifier>{B490DEEE-5F41-3597-ACBF-861A7C5C81CD}</UniqueIdentifier>
    </Filter>
  </ItemGroup>
</Project>