
Microsoft Visual Studio Solution File, Format Version 12.00
# Visual Studio Version 16
Project("{2150E333-8FDC-42A3-9474-1A3956D46DE8}") = "CMakePredefinedTargets", "CMakePredefinedTargets", "{173E7BE9-D0BE-3823-85D1-D4C3B0F61D2F}"
EndProject
Project("{2150E333-8FDC-42A3-9474-1A3956D46DE8}") = "External", "External", "{56646566-DA30-3ED1-8EA5-CFAD60057E5D}"
EndProject
Project("{2150E333-8FDC-42A3-9474-1A3956D46DE8}") = "Internal", "Internal", "{C2CE91E0-2CE0-35BE-98AD-758073CB48D7}"
EndProject
Project("{2150E333-8FDC-42A3-9474-1A3956D46DE8}") = "Utils", "Utils", "{FDEA6155-218D-3996-ADF2-7D3895A5200D}"
EndProject
Project("{8BC9CEB8-8B4A-11D0-8D11-00A0C91BC942}") = "ALL_BUILD", "ALL_BUILD.vcxproj", "{3D6B78C5-5B6B-3039-8106-7CD547FC424B}"
	ProjectSection(ProjectDependencies) = postProject
		{21690DB8-2FA2-3EB2-980C-753F0C4538D9} = {21690DB8-2FA2-3EB2-980C-753F0C4538D9}
		{DB83CE96-AF1E-347A-A0B5-90F6EFEEAEC8} = {DB83CE96-AF1E-347A-A0B5-90F6EFEEAEC8}
		{41E61F6D-EAFB-3B6D-9559-3774879D6D2A} = {41E61F6D-EAFB-3B6D-9559-3774879D6D2A}
		{2EA225CB-B34A-348A-8495-403DE409B849} = {2EA225CB-B34A-348A-8495-403DE409B849}
		{C4AD1DA0-454B-3B80-B45E-486D581D1B75} = {C4AD1DA0-454B-3B80-B45E-486D581D1B75}
		{DD60CE0D-9740-3DDE-B112-E817E85CF94C} = {DD60CE0D-9740-3DDE-B112-E817E85CF94C}
		{6E5DF729-3494-31E1-B9A6-8CD74DD03AB0} = {6E5DF729-3494-31E1-B9A6-8CD74DD03AB0}
		{2A063E58-B5E9-363E-981B-D923BF3E4557} = {2A063E58-B5E9-363E-981B-D923BF3E4557}
		{6C8DF037-E05C-3C5E-98DD-DE26B3DA5974} = {6C8DF037-E05C-3C5E-98DD-DE26B3DA5974}
		{27709C35-E13C-3E9D-9EEA-85DAE0B443A8} = {27709C35-E13C-3E9D-9EEA-85DAE0B443A8}
		{F51975E2-F0D3-3577-A3F7-001068DB6E56} = {F51975E2-F0D3-3577-A3F7-001068DB6E56}
		{9D9D2E62-0C49-39C6-964C-9920AF1D4EAA} = {9D9D2E62-0C49-39C6-964C-9920AF1D4EAA}
		{CAE615B6-6FBE-365E-8447-ED5033001208} = {CAE615B6-6FBE-365E-8447-ED5033001208}
		{74BDFE2F-18BD-38C5-A43E-8C01016798EF} = {74BDFE2F-18BD-38C5-A43E-8C01016798EF}
		{836A26D9-DE02-3B18-AF1B-4E685AD85391} = {836A26D9-DE02-3B18-AF1B-4E685AD85391}
	EndProjectSection
EndProject
Project("{8BC9CEB8-8B4A-11D0-8D11-00A0C91BC942}") = "SYNC_RESOURCE-vgp230", "SYNC_RESOURCE-vgp230.vcxproj", "{21690DB8-2FA2-3EB2-980C-753F0C4538D9}"
	ProjectSection(ProjectDependencies) = postProject
		{DB83CE96-AF1E-347A-A0B5-90F6EFEEAEC8} = {DB83CE96-AF1E-347A-A0B5-90F6EFEEAEC8}
	EndProjectSection
EndProject
Project("{8BC9CEB8-8B4A-11D0-8D11-00A0C91BC942}") = "ZERO_CHECK", "ZERO_CHECK.vcxproj", "{DB83CE96-AF1E-347A-A0B5-90F6EFEEAEC8}"
	ProjectSection(ProjectDependencies) = postProject
	EndProjectSection
EndProject
Project("{8BC9CEB8-8B4A-11D0-8D11-00A0C91BC942}") = "cocos2d", "engine\cocos\core\cocos2d.vcxproj", "{41E61F6D-EAFB-3B6D-9559-3774879D6D2A}"
	ProjectSection(ProjectDependencies) = postProject
		{DB83CE96-AF1E-347A-A0B5-90F6EFEEAEC8} = {DB83CE96-AF1E-347A-A0B5-90F6EFEEAEC8}
		{2EA225CB-B34A-348A-8495-403DE409B849} = {2EA225CB-B34A-348A-8495-403DE409B849}
		{C4AD1DA0-454B-3B80-B45E-486D581D1B75} = {C4AD1DA0-454B-3B80-B45E-486D581D1B75}
		{DD60CE0D-9740-3DDE-B112-E817E85CF94C} = {DD60CE0D-9740-3DDE-B112-E817E85CF94C}
		{6E5DF729-3494-31E1-B9A6-8CD74DD03AB0} = {6E5DF729-3494-31E1-B9A6-8CD74DD03AB0}
		{2A063E58-B5E9-363E-981B-D923BF3E4557} = {2A063E58-B5E9-363E-981B-D923BF3E4557}
		{6C8DF037-E05C-3C5E-98DD-DE26B3DA5974} = {6C8DF037-E05C-3C5E-98DD-DE26B3DA5974}
		{27709C35-E13C-3E9D-9EEA-85DAE0B443A8} = {27709C35-E13C-3E9D-9EEA-85DAE0B443A8}
		{F51975E2-F0D3-3577-A3F7-001068DB6E56} = {F51975E2-F0D3-3577-A3F7-001068DB6E56}
		{9D9D2E62-0C49-39C6-964C-9920AF1D4EAA} = {9D9D2E62-0C49-39C6-964C-9920AF1D4EAA}
		{CAE615B6-6FBE-365E-8447-ED5033001208} = {CAE615B6-6FBE-365E-8447-ED5033001208}
		{74BDFE2F-18BD-38C5-A43E-8C01016798EF} = {74BDFE2F-18BD-38C5-A43E-8C01016798EF}
	EndProjectSection
EndProject
Project("{8BC9CEB8-8B4A-11D0-8D11-00A0C91BC942}") = "ext_clipper", "engine\external\clipper\ext_clipper.vcxproj", "{2EA225CB-B34A-348A-8495-403DE409B849}"
	ProjectSection(ProjectDependencies) = postProject
		{DB83CE96-AF1E-347A-A0B5-90F6EFEEAEC8} = {DB83CE96-AF1E-347A-A0B5-90F6EFEEAEC8}
	EndProjectSection
EndProject
Project("{8BC9CEB8-8B4A-11D0-8D11-00A0C91BC942}") = "ext_convertUTF", "engine\external\ConvertUTF\ext_convertUTF.vcxproj", "{C4AD1DA0-454B-3B80-B45E-486D581D1B75}"
	ProjectSection(ProjectDependencies) = postProject
		{DB83CE96-AF1E-347A-A0B5-90F6EFEEAEC8} = {DB83CE96-AF1E-347A-A0B5-90F6EFEEAEC8}
	EndProjectSection
EndProject
Project("{8BC9CEB8-8B4A-11D0-8D11-00A0C91BC942}") = "ext_edtaa3func", "engine\external\edtaa3func\ext_edtaa3func.vcxproj", "{DD60CE0D-9740-3DDE-B112-E817E85CF94C}"
	ProjectSection(ProjectDependencies) = postProject
		{DB83CE96-AF1E-347A-A0B5-90F6EFEEAEC8} = {DB83CE96-AF1E-347A-A0B5-90F6EFEEAEC8}
	EndProjectSection
EndProject
Project("{8BC9CEB8-8B4A-11D0-8D11-00A0C91BC942}") = "ext_md5", "engine\external\md5\ext_md5.vcxproj", "{6E5DF729-3494-31E1-B9A6-8CD74DD03AB0}"
	ProjectSection(ProjectDependencies) = postProject
		{DB83CE96-AF1E-347A-A0B5-90F6EFEEAEC8} = {DB83CE96-AF1E-347A-A0B5-90F6EFEEAEC8}
	EndProjectSection
EndProject
Project("{8BC9CEB8-8B4A-11D0-8D11-00A0C91BC942}") = "ext_poly2tri", "engine\external\poly2tri\ext_poly2tri.vcxproj", "{2A063E58-B5E9-363E-981B-D923BF3E4557}"
	ProjectSection(ProjectDependencies) = postProject
		{DB83CE96-AF1E-347A-A0B5-90F6EFEEAEC8} = {DB83CE96-AF1E-347A-A0B5-90F6EFEEAEC8}
	EndProjectSection
EndProject
Project("{8BC9CEB8-8B4A-11D0-8D11-00A0C91BC942}") = "ext_recast", "engine\external\recast\ext_recast.vcxproj", "{6C8DF037-E05C-3C5E-98DD-DE26B3DA5974}"
	ProjectSection(ProjectDependencies) = postProject
		{DB83CE96-AF1E-347A-A0B5-90F6EFEEAEC8} = {DB83CE96-AF1E-347A-A0B5-90F6EFEEAEC8}
	EndProjectSection
EndProject
Project("{8BC9CEB8-8B4A-11D0-8D11-00A0C91BC942}") = "ext_tinyxml2", "engine\external\tinyxml2\ext_tinyxml2.vcxproj", "{27709C35-E13C-3E9D-9EEA-85DAE0B443A8}"
	ProjectSection(ProjectDependencies) = postProject
		{DB83CE96-AF1E-347A-A0B5-90F6EFEEAEC8} = {DB83CE96-AF1E-347A-A0B5-90F6EFEEAEC8}
	EndProjectSection
EndProject
Project("{8BC9CEB8-8B4A-11D0-8D11-00A0C91BC942}") = "ext_unzip", "engine\external\unzip\ext_unzip.vcxproj", "{F51975E2-F0D3-3577-A3F7-001068DB6E56}"
	ProjectSection(ProjectDependencies) = postProject
		{DB83CE96-AF1E-347A-A0B5-90F6EFEEAEC8} = {DB83CE96-AF1E-347A-A0B5-90F6EFEEAEC8}
	EndProjectSection
EndProject
Project("{8BC9CEB8-8B4A-11D0-8D11-00A0C91BC942}") = "ext_xxhash", "engine\external\xxhash\ext_xxhash.vcxproj", "{9D9D2E62-0C49-39C6-964C-9920AF1D4EAA}"
	ProjectSection(ProjectDependencies) = postProject
		{DB83CE96-AF1E-347A-A0B5-90F6EFEEAEC8} = {DB83CE96-AF1E-347A-A0B5-90F6EFEEAEC8}
	EndProjectSection
EndProject
Project("{8BC9CEB8-8B4A-11D0-8D11-00A0C91BC942}") = "ext_xxtea", "engine\external\xxtea\ext_xxtea.vcxproj", "{CAE615B6-6FBE-365E-8447-ED5033001208}"
	ProjectSection(ProjectDependencies) = postProject
		{DB83CE96-AF1E-347A-A0B5-90F6EFEEAEC8} = {DB83CE96-AF1E-347A-A0B5-90F6EFEEAEC8}
	EndProjectSection
EndProject
Project("{8BC9CEB8-8B4A-11D0-8D11-00A0C91BC942}") = "external", "engine\external\external.vcxproj", "{74BDFE2F-18BD-38C5-A43E-8C01016798EF}"
	ProjectSection(ProjectDependencies) = postProject
		{DB83CE96-AF1E-347A-A0B5-90F6EFEEAEC8} = {DB83CE96-AF1E-347A-A0B5-90F6EFEEAEC8}
		{2EA225CB-B34A-348A-8495-403DE409B849} = {2EA225CB-B34A-348A-8495-403DE409B849}
		{C4AD1DA0-454B-3B80-B45E-486D581D1B75} = {C4AD1DA0-454B-3B80-B45E-486D581D1B75}
		{DD60CE0D-9740-3DDE-B112-E817E85CF94C} = {DD60CE0D-9740-3DDE-B112-E817E85CF94C}
		{6E5DF729-3494-31E1-B9A6-8CD74DD03AB0} = {6E5DF729-3494-31E1-B9A6-8CD74DD03AB0}
		{2A063E58-B5E9-363E-981B-D923BF3E4557} = {2A063E58-B5E9-363E-981B-D923BF3E4557}
		{6C8DF037-E05C-3C5E-98DD-DE26B3DA5974} = {6C8DF037-E05C-3C5E-98DD-DE26B3DA5974}
		{27709C35-E13C-3E9D-9EEA-85DAE0B443A8} = {27709C35-E13C-3E9D-9EEA-85DAE0B443A8}
		{F51975E2-F0D3-3577-A3F7-001068DB6E56} = {F51975E2-F0D3-3577-A3F7-001068DB6E56}
		{9D9D2E62-0C49-39C6-964C-9920AF1D4EAA} = {9D9D2E62-0C49-39C6-964C-9920AF1D4EAA}
		{CAE615B6-6FBE-365E-8447-ED5033001208} = {CAE615B6-6FBE-365E-8447-ED5033001208}
	EndProjectSection
EndProject
Project("{8BC9CEB8-8B4A-11D0-8D11-00A0C91BC942}") = "vgp230", "vgp230.vcxproj", "{836A26D9-DE02-3B18-AF1B-4E685AD85391}"
	ProjectSection(ProjectDependencies) = postProject
		{21690DB8-2FA2-3EB2-980C-753F0C4538D9} = {21690DB8-2FA2-3EB2-980C-753F0C4538D9}
		{DB83CE96-AF1E-347A-A0B5-90F6EFEEAEC8} = {DB83CE96-AF1E-347A-A0B5-90F6EFEEAEC8}
		{41E61F6D-EAFB-3B6D-9559-3774879D6D2A} = {41E61F6D-EAFB-3B6D-9559-3774879D6D2A}
		{2EA225CB-B34A-348A-8495-403DE409B849} = {2EA225CB-B34A-348A-8495-403DE409B849}
		{C4AD1DA0-454B-3B80-B45E-486D581D1B75} = {C4AD1DA0-454B-3B80-B45E-486D581D1B75}
		{DD60CE0D-9740-3DDE-B112-E817E85CF94C} = {DD60CE0D-9740-3DDE-B112-E817E85CF94C}
		{6E5DF729-3494-31E1-B9A6-8CD74DD03AB0} = {6E5DF729-3494-31E1-B9A6-8CD74DD03AB0}
		{2A063E58-B5E9-363E-981B-D923BF3E4557} = {2A063E58-B5E9-363E-981B-D923BF3E4557}
		{6C8DF037-E05C-3C5E-98DD-DE26B3DA5974} = {6C8DF037-E05C-3C5E-98DD-DE26B3DA5974}
		{27709C35-E13C-3E9D-9EEA-85DAE0B443A8} = {27709C35-E13C-3E9D-9EEA-85DAE0B443A8}
		{F51975E2-F0D3-3577-A3F7-001068DB6E56} = {F51975E2-F0D3-3577-A3F7-001068DB6E56}
		{9D9D2E62-0C49-39C6-964C-9920AF1D4EAA} = {9D9D2E62-0C49-39C6-964C-9920AF1D4EAA}
		{CAE615B6-6FBE-365E-8447-ED5033001208} = {CAE615B6-6FBE-365E-8447-ED5033001208}
		{74BDFE2F-18BD-38C5-A43E-8C01016798EF} = {74BDFE2F-18BD-38C5-A43E-8C01016798EF}
	EndProjectSection
EndProject
Global
	GlobalSection(SolutionConfigurationPlatforms) = preSolution
		Debug|Win32 = Debug|Win32
		Release|Win32 = Release|Win32
		MinSizeRel|Win32 = MinSizeRel|Win32
		RelWithDebInfo|Win32 = RelWithDebInfo|Win32
	EndGlobalSection
	GlobalSection(ProjectConfigurationPlatforms) = postSolution
		{3D6B78C5-5B6B-3039-8106-7CD547FC424B}.Debug|Win32.ActiveCfg = Debug|Win32
		{3D6B78C5-5B6B-3039-8106-7CD547FC424B}.Release|Win32.ActiveCfg = Release|Win32
		{3D6B78C5-5B6B-3039-8106-7CD547FC424B}.MinSizeRel|Win32.ActiveCfg = MinSizeRel|Win32
		{3D6B78C5-5B6B-3039-8106-7CD547FC424B}.RelWithDebInfo|Win32.ActiveCfg = RelWithDebInfo|Win32
		{21690DB8-2FA2-3EB2-980C-753F0C4538D9}.Debug|Win32.ActiveCfg = Debug|Win32
		{21690DB8-2FA2-3EB2-980C-753F0C4538D9}.Debug|Win32.Build.0 = Debug|Win32
		{21690DB8-2FA2-3EB2-980C-753F0C4538D9}.Release|Win32.ActiveCfg = Release|Win32
		{21690DB8-2FA2-3EB2-980C-753F0C4538D9}.Release|Win32.Build.0 = Release|Win32
		{21690DB8-2FA2-3EB2-980C-753F0C4538D9}.MinSizeRel|Win32.ActiveCfg = MinSizeRel|Win32
		{21690DB8-2FA2-3EB2-980C-753F0C4538D9}.MinSizeRel|Win32.Build.0 = MinSizeRel|Win32
		{21690DB8-2FA2-3EB2-980C-753F0C4538D9}.RelWithDebInfo|Win32.ActiveCfg = RelWithDebInfo|Win32
		{21690DB8-2FA2-3EB2-980C-753F0C4538D9}.RelWithDebInfo|Win32.Build.0 = RelWithDebInfo|Win32
		{DB83CE96-AF1E-347A-A0B5-90F6EFEEAEC8}.Debug|Win32.ActiveCfg = Debug|Win32
		{DB83CE96-AF1E-347A-A0B5-90F6EFEEAEC8}.Debug|Win32.Build.0 = Debug|Win32
		{DB83CE96-AF1E-347A-A0B5-90F6EFEEAEC8}.Release|Win32.ActiveCfg = Release|Win32
		{DB83CE96-AF1E-347A-A0B5-90F6EFEEAEC8}.Release|Win32.Build.0 = Release|Win32
		{DB83CE96-AF1E-347A-A0B5-90F6EFEEAEC8}.MinSizeRel|Win32.ActiveCfg = MinSizeRel|Win32
		{DB83CE96-AF1E-347A-A0B5-90F6EFEEAEC8}.MinSizeRel|Win32.Build.0 = MinSizeRel|Win32
		{DB83CE96-AF1E-347A-A0B5-90F6EFEEAEC8}.RelWithDebInfo|Win32.ActiveCfg = RelWithDebInfo|Win32
		{DB83CE96-AF1E-347A-A0B5-90F6EFEEAEC8}.RelWithDebInfo|Win32.Build.0 = RelWithDebInfo|Win32
		{41E61F6D-EAFB-3B6D-9559-3774879D6D2A}.Debug|Win32.ActiveCfg = Debug|Win32
		{41E61F6D-EAFB-3B6D-9559-3774879D6D2A}.Debug|Win32.Build.0 = Debug|Win32
		{41E61F6D-EAFB-3B6D-9559-3774879D6D2A}.Release|Win32.ActiveCfg = Release|Win32
		{41E61F6D-EAFB-3B6D-9559-3774879D6D2A}.Release|Win32.Build.0 = Release|Win32
		{41E61F6D-EAFB-3B6D-9559-3774879D6D2A}.MinSizeRel|Win32.ActiveCfg = MinSizeRel|Win32
		{41E61F6D-EAFB-3B6D-9559-3774879D6D2A}.MinSizeRel|Win32.Build.0 = MinSizeRel|Win32
		{41E61F6D-EAFB-3B6D-9559-3774879D6D2A}.RelWithDebInfo|Win32.ActiveCfg = RelWithDebInfo|Win32
		{41E61F6D-EAFB-3B6D-9559-3774879D6D2A}.RelWithDebInfo|Win32.Build.0 = RelWithDebInfo|Win32
		{2EA225CB-B34A-348A-8495-403DE409B849}.Debug|Win32.ActiveCfg = Debug|Win32
		{2EA225CB-B34A-348A-8495-403DE409B849}.Debug|Win32.Build.0 = Debug|Win32
		{2EA225CB-B34A-348A-8495-403DE409B849}.Release|Win32.ActiveCfg = Release|Win32
		{2EA225CB-B34A-348A-8495-403DE409B849}.Release|Win32.Build.0 = Release|Win32
		{2EA225CB-B34A-348A-8495-403DE409B849}.MinSizeRel|Win32.ActiveCfg = MinSizeRel|Win32
		{2EA225CB-B34A-348A-8495-403DE409B849}.MinSizeRel|Win32.Build.0 = MinSizeRel|Win32
		{2EA225CB-B34A-348A-8495-403DE409B849}.RelWithDebInfo|Win32.ActiveCfg = RelWithDebInfo|Win32
		{2EA225CB-B34A-348A-8495-403DE409B849}.RelWithDebInfo|Win32.Build.0 = RelWithDebInfo|Win32
		{C4AD1DA0-454B-3B80-B45E-486D581D1B75}.Debug|Win32.ActiveCfg = Debug|Win32
		{C4AD1DA0-454B-3B80-B45E-486D581D1B75}.Debug|Win32.Build.0 = Debug|Win32
		{C4AD1DA0-454B-3B80-B45E-486D581D1B75}.Release|Win32.ActiveCfg = Release|Win32
		{C4AD1DA0-454B-3B80-B45E-486D581D1B75}.Release|Win32.Build.0 = Release|Win32
		{C4AD1DA0-454B-3B80-B45E-486D581D1B75}.MinSizeRel|Win32.ActiveCfg = MinSizeRel|Win32
		{C4AD1DA0-454B-3B80-B45E-486D581D1B75}.MinSizeRel|Win32.Build.0 = MinSizeRel|Win32
		{C4AD1DA0-454B-3B80-B45E-486D581D1B75}.RelWithDebInfo|Win32.ActiveCfg = RelWithDebInfo|Win32
		{C4AD1DA0-454B-3B80-B45E-486D581D1B75}.RelWithDebInfo|Win32.Build.0 = RelWithDebInfo|Win32
		{DD60CE0D-9740-3DDE-B112-E817E85CF94C}.Debug|Win32.ActiveCfg = Debug|Win32
		{DD60CE0D-9740-3DDE-B112-E817E85CF94C}.Debug|Win32.Build.0 = Debug|Win32
		{DD60CE0D-9740-3DDE-B112-E817E85CF94C}.Release|Win32.ActiveCfg = Release|Win32
		{DD60CE0D-9740-3DDE-B112-E817E85CF94C}.Release|Win32.Build.0 = Release|Win32
		{DD60CE0D-9740-3DDE-B112-E817E85CF94C}.MinSizeRel|Win32.ActiveCfg = MinSizeRel|Win32
		{DD60CE0D-9740-3DDE-B112-E817E85CF94C}.MinSizeRel|Win32.Build.0 = MinSizeRel|Win32
		{DD60CE0D-9740-3DDE-B112-E817E85CF94C}.RelWithDebInfo|Win32.ActiveCfg = RelWithDebInfo|Win32
		{DD60CE0D-9740-3DDE-B112-E817E85CF94C}.RelWithDebInfo|Win32.Build.0 = RelWithDebInfo|Win32
		{6E5DF729-3494-31E1-B9A6-8CD74DD03AB0}.Debug|Win32.ActiveCfg = Debug|Win32
		{6E5DF729-3494-31E1-B9A6-8CD74DD03AB0}.Debug|Win32.Build.0 = Debug|Win32
		{6E5DF729-3494-31E1-B9A6-8CD74DD03AB0}.Release|Win32.ActiveCfg = Release|Win32
		{6E5DF729-3494-31E1-B9A6-8CD74DD03AB0}.Release|Win32.Build.0 = Release|Win32
		{6E5DF729-3494-31E1-B9A6-8CD74DD03AB0}.MinSizeRel|Win32.ActiveCfg = MinSizeRel|Win32
		{6E5DF729-3494-31E1-B9A6-8CD74DD03AB0}.MinSizeRel|Win32.Build.0 = MinSizeRel|Win32
		{6E5DF729-3494-31E1-B9A6-8CD74DD03AB0}.RelWithDebInfo|Win32.ActiveCfg = RelWithDebInfo|Win32
		{6E5DF729-3494-31E1-B9A6-8CD74DD03AB0}.RelWithDebInfo|Win32.Build.0 = RelWithDebInfo|Win32
		{2A063E58-B5E9-363E-981B-D923BF3E4557}.Debug|Win32.ActiveCfg = Debug|Win32
		{2A063E58-B5E9-363E-981B-D923BF3E4557}.Debug|Win32.Build.0 = Debug|Win32
		{2A063E58-B5E9-363E-981B-D923BF3E4557}.Release|Win32.ActiveCfg = Release|Win32
		{2A063E58-B5E9-363E-981B-D923BF3E4557}.Release|Win32.Build.0 = Release|Win32
		{2A063E58-B5E9-363E-981B-D923BF3E4557}.MinSizeRel|Win32.ActiveCfg = MinSizeRel|Win32
		{2A063E58-B5E9-363E-981B-D923BF3E4557}.MinSizeRel|Win32.Build.0 = MinSizeRel|Win32
		{2A063E58-B5E9-363E-981B-D923BF3E4557}.RelWithDebInfo|Win32.ActiveCfg = RelWithDebInfo|Win32
		{2A063E58-B5E9-363E-981B-D923BF3E4557}.RelWithDebInfo|Win32.Build.0 = RelWithDebInfo|Win32
		{6C8DF037-E05C-3C5E-98DD-DE26B3DA5974}.Debug|Win32.ActiveCfg = Debug|Win32
		{6C8DF037-E05C-3C5E-98DD-DE26B3DA5974}.Debug|Win32.Build.0 = Debug|Win32
		{6C8DF037-E05C-3C5E-98DD-DE26B3DA5974}.Release|Win32.ActiveCfg = Release|Win32
		{6C8DF037-E05C-3C5E-98DD-DE26B3DA5974}.Release|Win32.Build.0 = Release|Win32
		{6C8DF037-E05C-3C5E-98DD-DE26B3DA5974}.MinSizeRel|Win32.ActiveCfg = MinSizeRel|Win32
		{6C8DF037-E05C-3C5E-98DD-DE26B3DA5974}.MinSizeRel|Win32.Build.0 = MinSizeRel|Win32
		{6C8DF037-E05C-3C5E-98DD-DE26B3DA5974}.RelWithDebInfo|Win32.ActiveCfg = RelWithDebInfo|Win32
		{6C8DF037-E05C-3C5E-98DD-DE26B3DA5974}.RelWithDebInfo|Win32.Build.0 = RelWithDebInfo|Win32
		{27709C35-E13C-3E9D-9EEA-85DAE0B443A8}.Debug|Win32.ActiveCfg = Debug|Win32
		{27709C35-E13C-3E9D-9EEA-85DAE0B443A8}.Debug|Win32.Build.0 = Debug|Win32
		{27709C35-E13C-3E9D-9EEA-85DAE0B443A8}.Release|Win32.ActiveCfg = Release|Win32
		{27709C35-E13C-3E9D-9EEA-85DAE0B443A8}.Release|Win32.Build.0 = Release|Win32
		{27709C35-E13C-3E9D-9EEA-85DAE0B443A8}.MinSizeRel|Win32.ActiveCfg = MinSizeRel|Win32
		{27709C35-E13C-3E9D-9EEA-85DAE0B443A8}.MinSizeRel|Win32.Build.0 = MinSizeRel|Win32
		{27709C35-E13C-3E9D-9EEA-85DAE0B443A8}.RelWithDebInfo|Win32.ActiveCfg = RelWithDebInfo|Win32
		{27709C35-E13C-3E9D-9EEA-85DAE0B443A8}.RelWithDebInfo|Win32.Build.0 = RelWithDebInfo|Win32
		{F51975E2-F0D3-3577-A3F7-001068DB6E56}.Debug|Win32.ActiveCfg = Debug|Win32
		{F51975E2-F0D3-3577-A3F7-001068DB6E56}.Debug|Win32.Build.0 = Debug|Win32
		{F51975E2-F0D3-3577-A3F7-001068DB6E56}.Release|Win32.ActiveCfg = Release|Win32
		{F51975E2-F0D3-3577-A3F7-001068DB6E56}.Release|Win32.Build.0 = Release|Win32
		{F51975E2-F0D3-3577-A3F7-001068DB6E56}.MinSizeRel|Win32.ActiveCfg = MinSizeRel|Win32
		{F51975E2-F0D3-3577-A3F7-001068DB6E56}.MinSizeRel|Win32.Build.0 = MinSizeRel|Win32
		{F51975E2-F0D3-3577-A3F7-001068DB6E56}.RelWithDebInfo|Win32.ActiveCfg = RelWithDebInfo|Win32
		{F51975E2-F0D3-3577-A3F7-001068DB6E56}.RelWithDebInfo|Win32.Build.0 = RelWithDebInfo|Win32
		{9D9D2E62-0C49-39C6-964C-9920AF1D4EAA}.Debug|Win32.ActiveCfg = Debug|Win32
		{9D9D2E62-0C49-39C6-964C-9920AF1D4EAA}.Debug|Win32.Build.0 = Debug|Win32
		{9D9D2E62-0C49-39C6-964C-9920AF1D4EAA}.Release|Win32.ActiveCfg = Release|Win32
		{9D9D2E62-0C49-39C6-964C-9920AF1D4EAA}.Release|Win32.Build.0 = Release|Win32
		{9D9D2E62-0C49-39C6-964C-9920AF1D4EAA}.MinSizeRel|Win32.ActiveCfg = MinSizeRel|Win32
		{9D9D2E62-0C49-39C6-964C-9920AF1D4EAA}.MinSizeRel|Win32.Build.0 = MinSizeRel|Win32
		{9D9D2E62-0C49-39C6-964C-9920AF1D4EAA}.RelWithDebInfo|Win32.ActiveCfg = RelWithDebInfo|Win32
		{9D9D2E62-0C49-39C6-964C-9920AF1D4EAA}.RelWithDebInfo|Win32.Build.0 = RelWithDebInfo|Win32
		{CAE615B6-6FBE-365E-8447-ED5033001208}.Debug|Win32.ActiveCfg = Debug|Win32
		{CAE615B6-6FBE-365E-8447-ED5033001208}.Debug|Win32.Build.0 = Debug|Win32
		{CAE615B6-6FBE-365E-8447-ED5033001208}.Release|Win32.ActiveCfg = Release|Win32
		{CAE615B6-6FBE-365E-8447-ED5033001208}.Release|Win32.Build.0 = Release|Win32
		{CAE615B6-6FBE-365E-8447-ED5033001208}.MinSizeRel|Win32.ActiveCfg = MinSizeRel|Win32
		{CAE615B6-6FBE-365E-8447-ED5033001208}.MinSizeRel|Win32.Build.0 = MinSizeRel|Win32
		{CAE615B6-6FBE-365E-8447-ED5033001208}.RelWithDebInfo|Win32.ActiveCfg = RelWithDebInfo|Win32
		{CAE615B6-6FBE-365E-8447-ED5033001208}.RelWithDebInfo|Win32.Build.0 = RelWithDebInfo|Win32
		{74BDFE2F-18BD-38C5-A43E-8C01016798EF}.Debug|Win32.ActiveCfg = Debug|Win32
		{74BDFE2F-18BD-38C5-A43E-8C01016798EF}.Debug|Win32.Build.0 = Debug|Win32
		{74BDFE2F-18BD-38C5-A43E-8C01016798EF}.Release|Win32.ActiveCfg = Release|Win32
		{74BDFE2F-18BD-38C5-A43E-8C01016798EF}.Release|Win32.Build.0 = Release|Win32
		{74BDFE2F-18BD-38C5-A43E-8C01016798EF}.MinSizeRel|Win32.ActiveCfg = MinSizeRel|Win32
		{74BDFE2F-18BD-38C5-A43E-8C01016798EF}.MinSizeRel|Win32.Build.0 = MinSizeRel|Win32
		{74BDFE2F-18BD-38C5-A43E-8C01016798EF}.RelWithDebInfo|Win32.ActiveCfg = RelWithDebInfo|Win32
		{74BDFE2F-18BD-38C5-A43E-8C01016798EF}.RelWithDebInfo|Win32.Build.0 = RelWithDebInfo|Win32
		{836A26D9-DE02-3B18-AF1B-4E685AD85391}.Debug|Win32.ActiveCfg = Debug|Win32
		{836A26D9-DE02-3B18-AF1B-4E685AD85391}.Debug|Win32.Build.0 = Debug|Win32
		{836A26D9-DE02-3B18-AF1B-4E685AD85391}.Release|Win32.ActiveCfg = Release|Win32
		{836A26D9-DE02-3B18-AF1B-4E685AD85391}.Release|Win32.Build.0 = Release|Win32
		{836A26D9-DE02-3B18-AF1B-4E685AD85391}.MinSizeRel|Win32.ActiveCfg = MinSizeRel|Win32
		{836A26D9-DE02-3B18-AF1B-4E685AD85391}.MinSizeRel|Win32.Build.0 = MinSizeRel|Win32
		{836A26D9-DE02-3B18-AF1B-4E685AD85391}.RelWithDebInfo|Win32.ActiveCfg = RelWithDebInfo|Win32
		{836A26D9-DE02-3B18-AF1B-4E685AD85391}.RelWithDebInfo|Win32.Build.0 = RelWithDebInfo|Win32
	EndGlobalSection
	GlobalSection(NestedProjects) = preSolution
		{3D6B78C5-5B6B-3039-8106-7CD547FC424B} = {173E7BE9-D0BE-3823-85D1-D4C3B0F61D2F}
		{DB83CE96-AF1E-347A-A0B5-90F6EFEEAEC8} = {173E7BE9-D0BE-3823-85D1-D4C3B0F61D2F}
		{2EA225CB-B34A-348A-8495-403DE409B849} = {56646566-DA30-3ED1-8EA5-CFAD60057E5D}
		{C4AD1DA0-454B-3B80-B45E-486D581D1B75} = {56646566-DA30-3ED1-8EA5-CFAD60057E5D}
		{DD60CE0D-9740-3DDE-B112-E817E85CF94C} = {56646566-DA30-3ED1-8EA5-CFAD60057E5D}
		{6E5DF729-3494-31E1-B9A6-8CD74DD03AB0} = {56646566-DA30-3ED1-8EA5-CFAD60057E5D}
		{2A063E58-B5E9-363E-981B-D923BF3E4557} = {56646566-DA30-3ED1-8EA5-CFAD60057E5D}
		{6C8DF037-E05C-3C5E-98DD-DE26B3DA5974} = {56646566-DA30-3ED1-8EA5-CFAD60057E5D}
		{27709C35-E13C-3E9D-9EEA-85DAE0B443A8} = {56646566-DA30-3ED1-8EA5-CFAD60057E5D}
		{F51975E2-F0D3-3577-A3F7-001068DB6E56} = {56646566-DA30-3ED1-8EA5-CFAD60057E5D}
		{9D9D2E62-0C49-39C6-964C-9920AF1D4EAA} = {56646566-DA30-3ED1-8EA5-CFAD60057E5D}
		{CAE615B6-6FBE-365E-8447-ED5033001208} = {56646566-DA30-3ED1-8EA5-CFAD60057E5D}
		{74BDFE2F-18BD-38C5-A43E-8C01016798EF} = {56646566-DA30-3ED1-8EA5-CFAD60057E5D}
		{41E61F6D-EAFB-3B6D-9559-3774879D6D2A} = {C2CE91E0-2CE0-35BE-98AD-758073CB48D7}
		{21690DB8-2FA2-3EB2-980C-753F0C4538D9} = {FDEA6155-218D-3996-ADF2-7D3895A5200D}
	EndGlobalSection
	GlobalSection(ExtensibilityGlobals) = postSolution
		SolutionGuid = {CDC35AAB-D33D-3144-B191-B91341EBF1B1}
	EndGlobalSection
	GlobalSection(ExtensibilityAddIns) = postSolution
	EndGlobalSection
EndGlobal
