<?xml version="1.0" encoding="utf-8"?>
<Project ToolsVersion="16.0" xmlns="http://schemas.microsoft.com/developer/msbuild/2003">
  <ItemGroup>
    <CustomBuild Include="C:\InClassWork\VGP230\vgp230\proj.win32\CMakeFiles\75ccb2467a1aa56b05fbfedcf7fe75a8\generate.stamp.rule">
      <Filter>CMake Rules</Filter>
    </CustomBuild>
  </ItemGroup>
  <ItemGroup>
    <None Include="C:\InClassWork\VGP230\vgp230\cocos2d\cmake\Modules\CocosBuildHelpers.cmake">
      <Filter>Buildsystem Input Files\cocos2d\cmake\Modules</Filter>
    </None>
    <None Include="C:\InClassWork\VGP230\vgp230\cocos2d\cmake\Modules\CocosBuildSet.cmake">
      <Filter>Buildsystem Input Files\cocos2d\cmake\Modules</Filter>
    </None>
    <None Include="C:\InClassWork\VGP230\vgp230\cocos2d\cmake\Modules\CocosConfigDefine.cmake">
      <Filter>Buildsystem Input Files\cocos2d\cmake\Modules</Filter>
    </None>
    <None Include="C:\InClassWork\VGP230\vgp230\cocos2d\cmake\Modules\CocosConfigDepend.cmake">
      <Filter>Buildsystem Input Files\cocos2d\cmake\Modules</Filter>
    </None>
    <None Include="C:\InClassWork\VGP230\vgp230\cocos2d\cocos\2d\CMakeLists.txt">
      <Filter>Buildsystem Input Files\cocos2d\cocos\2d</Filter>
    </None>
    <None Include="C:\InClassWork\VGP230\vgp230\cocos2d\cocos\3d\CMakeLists.txt">
      <Filter>Buildsystem Input Files\cocos2d\cocos\3d</Filter>
    </None>
    <None Include="C:\InClassWork\VGP230\vgp230\cocos2d\cocos\CMakeLists.txt">
      <Filter>Buildsystem Input Files\cocos2d\cocos</Filter>
    </None>
    <None Include="C:\InClassWork\VGP230\vgp230\cocos2d\cocos\audio\CMakeLists.txt">
      <Filter>Buildsystem Input Files\cocos2d\cocos\audio</Filter>
    </None>
    <None Include="C:\InClassWork\VGP230\vgp230\cocos2d\cocos\base\CMakeLists.txt">
      <Filter>Buildsystem Input Files\cocos2d\cocos\base</Filter>
    </None>
    <None Include="C:\InClassWork\VGP230\vgp230\cocos2d\cocos\editor-support\cocostudio\CMakeLists.txt">
      <Filter>Buildsystem Input Files\cocos2d\cocos\editor-support\cocostudio</Filter>
    </None>
    <None Include="C:\InClassWork\VGP230\vgp230\cocos2d\cocos\math\CMakeLists.txt">
      <Filter>Buildsystem Input Files\cocos2d\cocos\math</Filter>
    </None>
    <None Include="C:\InClassWork\VGP230\vgp230\cocos2d\cocos\navmesh\CMakeLists.txt">
      <Filter>Buildsystem Input Files\cocos2d\cocos\navmesh</Filter>
    </None>
    <None Include="C:\InClassWork\VGP230\vgp230\cocos2d\cocos\network\CMakeLists.txt">
      <Filter>Buildsystem Input Files\cocos2d\cocos\network</Filter>
    </None>
    <None Include="C:\InClassWork\VGP230\vgp230\cocos2d\cocos\physics\CMakeLists.txt">
      <Filter>Buildsystem Input Files\cocos2d\cocos\physics</Filter>
    </None>
    <None Include="C:\InClassWork\VGP230\vgp230\cocos2d\cocos\physics3d\CMakeLists.txt">
      <Filter>Buildsystem Input Files\cocos2d\cocos\physics3d</Filter>
    </None>
    <None Include="C:\InClassWork\VGP230\vgp230\cocos2d\cocos\platform\CMakeLists.txt">
      <Filter>Buildsystem Input Files\cocos2d\cocos\platform</Filter>
    </None>
    <None Include="C:\InClassWork\VGP230\vgp230\cocos2d\cocos\renderer\CMakeLists.txt">
      <Filter>Buildsystem Input Files\cocos2d\cocos\renderer</Filter>
    </None>
    <None Include="C:\InClassWork\VGP230\vgp230\cocos2d\cocos\ui\CMakeLists.txt">
      <Filter>Buildsystem Input Files\cocos2d\cocos\ui</Filter>
    </None>
    <None Include="C:\InClassWork\VGP230\vgp230\cocos2d\extensions\CMakeLists.txt">
      <Filter>Buildsystem Input Files\cocos2d\extensions</Filter>
    </None>
    <None Include="C:\InClassWork\VGP230\vgp230\cocos2d\external\Box2D\CMakeLists.txt">
      <Filter>Buildsystem Input Files\cocos2d\external\Box2D</Filter>
    </None>
    <None Include="C:\InClassWork\VGP230\vgp230\cocos2d\external\CMakeLists.txt">
      <Filter>Buildsystem Input Files\cocos2d\external</Filter>
    </None>
    <None Include="C:\InClassWork\VGP230\vgp230\cocos2d\external\ConvertUTF\CMakeLists.txt">
      <Filter>Buildsystem Input Files\cocos2d\external\ConvertUTF</Filter>
    </None>
    <None Include="C:\InClassWork\VGP230\vgp230\cocos2d\external\bullet\CMakeLists.txt">
      <Filter>Buildsystem Input Files\cocos2d\external\bullet</Filter>
    </None>
    <None Include="C:\InClassWork\VGP230\vgp230\cocos2d\external\chipmunk\CMakeLists.txt">
      <Filter>Buildsystem Input Files\cocos2d\external\chipmunk</Filter>
    </None>
    <None Include="C:\InClassWork\VGP230\vgp230\cocos2d\external\clipper\CMakeLists.txt">
      <Filter>Buildsystem Input Files\cocos2d\external\clipper</Filter>
    </None>
    <None Include="C:\InClassWork\VGP230\vgp230\cocos2d\external\cmake\CocosExternalConfig.cmake">
      <Filter>Buildsystem Input Files\cocos2d\external\cmake</Filter>
    </None>
    <None Include="C:\InClassWork\VGP230\vgp230\cocos2d\external\curl\CMakeLists.txt">
      <Filter>Buildsystem Input Files\cocos2d\external\curl</Filter>
    </None>
    <None Include="C:\InClassWork\VGP230\vgp230\cocos2d\external\edtaa3func\CMakeLists.txt">
      <Filter>Buildsystem Input Files\cocos2d\external\edtaa3func</Filter>
    </None>
    <None Include="C:\InClassWork\VGP230\vgp230\cocos2d\external\freetype2\CMakeLists.txt">
      <Filter>Buildsystem Input Files\cocos2d\external\freetype2</Filter>
    </None>
    <None Include="C:\InClassWork\VGP230\vgp230\cocos2d\external\glfw3\CMakeLists.txt">
      <Filter>Buildsystem Input Files\cocos2d\external\glfw3</Filter>
    </None>
    <None Include="C:\InClassWork\VGP230\vgp230\cocos2d\external\jpeg\CMakeLists.txt">
      <Filter>Buildsystem Input Files\cocos2d\external\jpeg</Filter>
    </None>
    <None Include="C:\InClassWork\VGP230\vgp230\cocos2d\external\md5\CMakeLists.txt">
      <Filter>Buildsystem Input Files\cocos2d\external\md5</Filter>
    </None>
    <None Include="C:\InClassWork\VGP230\vgp230\cocos2d\external\openssl\CMakeLists.txt">
      <Filter>Buildsystem Input Files\cocos2d\external\openssl</Filter>
    </None>
    <None Include="C:\InClassWork\VGP230\vgp230\cocos2d\external\png\CMakeLists.txt">
      <Filter>Buildsystem Input Files\cocos2d\external\png</Filter>
    </None>
    <None Include="C:\InClassWork\VGP230\vgp230\cocos2d\external\poly2tri\CMakeLists.txt">
      <Filter>Buildsystem Input Files\cocos2d\external\poly2tri</Filter>
    </None>
    <None Include="C:\InClassWork\VGP230\vgp230\cocos2d\external\recast\CMakeLists.txt">
      <Filter>Buildsystem Input Files\cocos2d\external\recast</Filter>
    </None>
    <None Include="C:\InClassWork\VGP230\vgp230\cocos2d\external\tinyxml2\CMakeLists.txt">
      <Filter>Buildsystem Input Files\cocos2d\external\tinyxml2</Filter>
    </None>
    <None Include="C:\InClassWork\VGP230\vgp230\cocos2d\external\unzip\CMakeLists.txt">
      <Filter>Buildsystem Input Files\cocos2d\external\unzip</Filter>
    </None>
    <None Include="C:\InClassWork\VGP230\vgp230\cocos2d\external\uv\CMakeLists.txt">
      <Filter>Buildsystem Input Files\cocos2d\external\uv</Filter>
    </None>
    <None Include="C:\InClassWork\VGP230\vgp230\cocos2d\external\webp\CMakeLists.txt">
      <Filter>Buildsystem Input Files\cocos2d\external\webp</Filter>
    </None>
    <None Include="C:\InClassWork\VGP230\vgp230\cocos2d\external\websockets\CMakeLists.txt">
      <Filter>Buildsystem Input Files\cocos2d\external\websockets</Filter>
    </None>
    <None Include="C:\InClassWork\VGP230\vgp230\cocos2d\external\win32-specific\MP3Decoder\CMakeLists.txt">
      <Filter>Buildsystem Input Files\cocos2d\external\win32-specific\MP3Decoder</Filter>
    </None>
    <None Include="C:\InClassWork\VGP230\vgp230\cocos2d\external\win32-specific\OggDecoder\CMakeLists.txt">
      <Filter>Buildsystem Input Files\cocos2d\external\win32-specific\OggDecoder</Filter>
    </None>
    <None Include="C:\InClassWork\VGP230\vgp230\cocos2d\external\win32-specific\OpenalSoft\CMakeLists.txt">
      <Filter>Buildsystem Input Files\cocos2d\external\win32-specific\OpenalSoft</Filter>
    </None>
    <None Include="C:\InClassWork\VGP230\vgp230\cocos2d\external\win32-specific\gles\CMakeLists.txt">
      <Filter>Buildsystem Input Files\cocos2d\external\win32-specific\gles</Filter>
    </None>
    <None Include="C:\InClassWork\VGP230\vgp230\cocos2d\external\win32-specific\icon\CMakeLists.txt">
      <Filter>Buildsystem Input Files\cocos2d\external\win32-specific\icon</Filter>
    </None>
    <None Include="C:\InClassWork\VGP230\vgp230\cocos2d\external\xxhash\CMakeLists.txt">
      <Filter>Buildsystem Input Files\cocos2d\external\xxhash</Filter>
    </None>
    <None Include="C:\InClassWork\VGP230\vgp230\cocos2d\external\xxtea\CMakeLists.txt">
      <Filter>Buildsystem Input Files\cocos2d\external\xxtea</Filter>
    </None>
    <None Include="C:\InClassWork\VGP230\vgp230\cocos2d\external\zlib\CMakeLists.txt">
      <Filter>Buildsystem Input Files\cocos2d\external\zlib</Filter>
    </None>
  </ItemGroup>
  <ItemGroup>
    <Filter Include="CMake Rules">
      <UniqueIdentifier>{6FA267F0-0E8F-3444-B440-ADE41F4C12D7}</UniqueIdentifier>
    </Filter>
    <Filter Include="Buildsystem Input Files\cocos2d\cmake\Modules">
      <UniqueIdentifier>{B785D19A-B8EE-313B-A324-83BF9F2C35CF}</UniqueIdentifier>
    </Filter>
    <Filter Include="Buildsystem Input Files\cocos2d\cocos">
      <UniqueIdentifier>{4D3DC848-CAF9-3B8A-B221-E4048C830ADC}</UniqueIdentifier>
    </Filter>
    <Filter Include="Buildsystem Input Files\cocos2d\cocos\2d">
      <UniqueIdentifier>{136445D1-5D21-3D5D-89BF-DBE57C41CCDF}</UniqueIdentifier>
    </Filter>
    <Filter Include="Buildsystem Input Files\cocos2d\cocos\3d">
      <UniqueIdentifier>{CD57BAB3-8CEC-3CC6-BA30-87FE81506E76}</UniqueIdentifier>
    </Filter>
    <Filter Include="Buildsystem Input Files\cocos2d\cocos\audio">
      <UniqueIdentifier>{A06EF1C9-37E9-3109-84DE-62F8AD8E1795}</UniqueIdentifier>
    </Filter>
    <Filter Include="Buildsystem Input Files\cocos2d\cocos\base">
      <UniqueIdentifier>{1D847D11-A534-365B-84A6-3DC643A91011}</UniqueIdentifier>
    </Filter>
    <Filter Include="Buildsystem Input Files\cocos2d\cocos\editor-support\cocostudio">
      <UniqueIdentifier>{FBDACC83-8406-34AD-8382-87A0EBE13207}</UniqueIdentifier>
    </Filter>
    <Filter Include="Buildsystem Input Files\cocos2d\cocos\math">
      <UniqueIdentifier>{1B54F13E-A77E-3F6F-AC9C-CDDDB4BE3F6D}</UniqueIdentifier>
    </Filter>
    <Filter Include="Buildsystem Input Files\cocos2d\cocos\navmesh">
      <UniqueIdentifier>{E63F9499-2E01-3348-B519-0E64F0DE6273}</UniqueIdentifier>
    </Filter>
    <Filter Include="Buildsystem Input Files\cocos2d\cocos\network">
      <UniqueIdentifier>{D6325F27-7BB9-30AC-AEAD-FE5A4C37749C}</UniqueIdentifier>
    </Filter>
    <Filter Include="Buildsystem Input Files\cocos2d\cocos\physics">
      <UniqueIdentifier>{7EFD4988-FEB7-3340-8423-D2CDE3178F12}</UniqueIdentifier>
    </Filter>
    <Filter Include="Buildsystem Input Files\cocos2d\cocos\physics3d">
      <UniqueIdentifier>{761F230D-F485-3029-960C-917C9F2B16AA}</UniqueIdentifier>
    </Filter>
    <Filter Include="Buildsystem Input Files\cocos2d\cocos\platform">
      <UniqueIdentifier>{A1F430D3-F723-3275-A100-5BC9A75E31BB}</UniqueIdentifier>
    </Filter>
    <Filter Include="Buildsystem Input Files\cocos2d\cocos\renderer">
      <UniqueIdentifier>{E82E6C6B-2D96-32E6-9C74-361589A6325B}</UniqueIdentifier>
    </Filter>
    <Filter Include="Buildsystem Input Files\cocos2d\cocos\ui">
      <UniqueIdentifier>{EC2B48D5-9322-378F-BA7F-C893C2CCAE8A}</UniqueIdentifier>
    </Filter>
    <Filter Include="Buildsystem Input Files\cocos2d\extensions">
      <UniqueIdentifier>{F11CED03-7C4D-3B2C-A0F3-71CA5002E60D}</UniqueIdentifier>
    </Filter>
    <Filter Include="Buildsystem Input Files\cocos2d\external">
      <UniqueIdentifier>{14D270D1-0324-3019-8CA3-3EACB451EEAE}</UniqueIdentifier>
    </Filter>
    <Filter Include="Buildsystem Input Files\cocos2d\external\Box2D">
      <UniqueIdentifier>{764202DE-65E5-399B-8DD3-7894D456CBC2}</UniqueIdentifier>
    </Filter>
    <Filter Include="Buildsystem Input Files\cocos2d\external\ConvertUTF">
      <UniqueIdentifier>{4C95152E-D229-31EE-B06D-1F6C979D4205}</UniqueIdentifier>
    </Filter>
    <Filter Include="Buildsystem Input Files\cocos2d\external\bullet">
      <UniqueIdentifier>{4F1F786A-FFEC-3788-A2BA-903DA6FAD4AA}</UniqueIdentifier>
    </Filter>
    <Filter Include="Buildsystem Input Files\cocos2d\external\chipmunk">
      <UniqueIdentifier>{4EF56462-3E8B-31E7-8CFE-49BE264490FF}</UniqueIdentifier>
    </Filter>
    <Filter Include="Buildsystem Input Files\cocos2d\external\clipper">
      <UniqueIdentifier>{49D0148A-FF4C-3C61-A500-D54A14C6B9F5}</UniqueIdentifier>
    </Filter>
    <Filter Include="Buildsystem Input Files\cocos2d\external\cmake">
      <UniqueIdentifier>{CE41FF3C-167B-373C-A4C5-5C95B7F8556E}</UniqueIdentifier>
    </Filter>
    <Filter Include="Buildsystem Input Files\cocos2d\external\curl">
      <UniqueIdentifier>{8DECA5E9-F893-3CE1-8D72-A72C103CDC72}</UniqueIdentifier>
    </Filter>
    <Filter Include="Buildsystem Input Files\cocos2d\external\edtaa3func">
      <UniqueIdentifier>{1480AB92-9E5A-3235-BB4B-1074A37F66BC}</UniqueIdentifier>
    </Filter>
    <Filter Include="Buildsystem Input Files\cocos2d\external\freetype2">
      <UniqueIdentifier>{591BAC03-CD1F-375C-977A-BA33A19AEFA7}</UniqueIdentifier>
    </Filter>
    <Filter Include="Buildsystem Input Files\cocos2d\external\glfw3">
      <UniqueIdentifier>{C822FAC4-7B8D-3700-B9A2-91DBB3550FD7}</UniqueIdentifier>
    </Filter>
    <Filter Include="Buildsystem Input Files\cocos2d\external\jpeg">
      <UniqueIdentifier>{8C2FB649-D17E-30E8-A3C1-9238166A5E00}</UniqueIdentifier>
    </Filter>
    <Filter Include="Buildsystem Input Files\cocos2d\external\md5">
      <UniqueIdentifier>{6B9B86DA-A98D-3663-937E-66407EA47FA3}</UniqueIdentifier>
    </Filter>
    <Filter Include="Buildsystem Input Files\cocos2d\external\openssl">
      <UniqueIdentifier>{FCAC02A8-070C-3186-A906-BF51E672A329}</UniqueIdentifier>
    </Filter>
    <Filter Include="Buildsystem Input Files\cocos2d\external\png">
      <UniqueIdentifier>{C0EFC971-7F4E-34CA-901B-011A3E7ABB01}</UniqueIdentifier>
    </Filter>
    <Filter Include="Buildsystem Input Files\cocos2d\external\poly2tri">
      <UniqueIdentifier>{A952C9E9-C135-3088-ABE7-ABF3B7811EE5}</UniqueIdentifier>
    </Filter>
    <Filter Include="Buildsystem Input Files\cocos2d\external\recast">
      <UniqueIdentifier>{F4BE9D51-0847-3AE9-B20D-FC7151E38707}</UniqueIdentifier>
    </Filter>
    <Filter Include="Buildsystem Input Files\cocos2d\external\tinyxml2">
      <UniqueIdentifier>{3D87F64D-5CA0-31B7-A44F-7611ACE77A7F}</UniqueIdentifier>
    </Filter>
    <Filter Include="Buildsystem Input Files\cocos2d\external\unzip">
      <UniqueIdentifier>{BCCCAEE3-58F3-378B-8F9C-3ECBB494A3F5}</UniqueIdentifier>
    </Filter>
    <Filter Include="Buildsystem Input Files\cocos2d\external\uv">
      <UniqueIdentifier>{2400D432-C7D3-3E46-8B4F-3E6EA40B1F7D}</UniqueIdentifier>
    </Filter>
    <Filter Include="Buildsystem Input Files\cocos2d\external\webp">
      <UniqueIdentifier>{66641D61-D10C-3094-AD0C-7741B6A8D51F}</UniqueIdentifier>
    </Filter>
    <Filter Include="Buildsystem Input Files\cocos2d\external\websockets">
      <UniqueIdentifier>{3A3B5728-F9CA-31F8-8B77-B75EE242A4B7}</UniqueIdentifier>
    </Filter>
    <Filter Include="Buildsystem Input Files\cocos2d\external\win32-specific\MP3Decoder">
      <UniqueIdentifier>{B8CF7238-4AE0-3E6E-A617-1CD38C6DB69B}</UniqueIdentifier>
    </Filter>
    <Filter Include="Buildsystem Input Files\cocos2d\external\win32-specific\OggDecoder">
      <UniqueIdentifier>{5EAA451E-9019-3BD0-B1C9-DDC506C3F96F}</UniqueIdentifier>
    </Filter>
    <Filter Include="Buildsystem Input Files\cocos2d\external\win32-specific\OpenalSoft">
      <UniqueIdentifier>{A4EDC822-88E2-39E3-A23A-C33AF482A1B0}</UniqueIdentifier>
    </Filter>
    <Filter Include="Buildsystem Input Files\cocos2d\external\win32-specific\gles">
      <UniqueIdentifier>{2B4CB256-1C0F-385E-B1D3-701BAB0D74B7}</UniqueIdentifier>
    </Filter>
    <Filter Include="Buildsystem Input Files\cocos2d\external\win32-specific\icon">
      <UniqueIdentifier>{FBE35B3F-E979-3D84-84EE-4EAB0ED269BB}</UniqueIdentifier>
    </Filter>
    <Filter Include="Buildsystem Input Files\cocos2d\external\xxhash">
      <UniqueIdentifier>{8FD2BEAF-10AE-38E3-A4DE-04D0A0352C19}</UniqueIdentifier>
    </Filter>
    <Filter Include="Buildsystem Input Files\cocos2d\external\xxtea">
      <UniqueIdentifier>{9ECCBB27-3FFD-310D-B7B6-341D281404C7}</UniqueIdentifier>
    </Filter>
    <Filter Include="Buildsystem Input Files\cocos2d\external\zlib">
      <UniqueIdentifier>{66353F75-A61C-360F-BDE6-7D5F12AC36B3}</UniqueIdentifier>
    </Filter>
  </ItemGroup>
</Project>
