
Microsoft Visual Studio Solution File, Format Version 12.00
# Visual Studio Version 16
Project("{2150E333-8FDC-42A3-9474-1A3956D46DE8}") = "CMakePredefinedTargets", "CMakePredefinedTargets", "{30D15EAC-BEC1-3B39-AA8B-787FF690DA67}"
EndProject
Project("{2150E333-8FDC-42A3-9474-1A3956D46DE8}") = "External", "External", "{E206A375-0644-3E3E-8D16-269AC7840C0F}"
EndProject
Project("{2150E333-8FDC-42A3-9474-1A3956D46DE8}") = "Internal", "Internal", "{F93F2521-EB8C-3CF3-A353-1DEBCFA8AC32}"
EndProject
Project("{8BC9CEB8-8B4A-11D0-8D11-00A0C91BC942}") = "ALL_BUILD", "ALL_BUILD.vcxproj", "{B233C263-E16F-3E19-AA97-0155A2579FF9}"
	ProjectSection(ProjectDependencies) = postProject
		{84C72666-831B-3B57-BE3B-839EA7044157} = {84C72666-831B-3B57-BE3B-839EA7044157}
		{1C9B392C-F507-361D-9371-393E3B82CE89} = {1C9B392C-F507-361D-9371-393E3B82CE89}
		{7174B56E-732A-3AC9-AB98-8F4920CE5651} = {7174B56E-732A-3AC9-AB98-8F4920CE5651}
		{8D9248FC-E93A-3776-B2C2-50307DE97634} = {8D9248FC-E93A-3776-B2C2-50307DE97634}
		{2438F893-9DF3-302E-875E-200C44DB1B17} = {2438F893-9DF3-302E-875E-200C44DB1B17}
		{E23CB8A1-99D2-3894-819B-EF4D2789118A} = {E23CB8A1-99D2-3894-819B-EF4D2789118A}
		{136D9E14-36A6-3D77-962B-1F3F14A58F57} = {136D9E14-36A6-3D77-962B-1F3F14A58F57}
		{3FA8B359-7C7F-3C0D-9B55-551370009502} = {3FA8B359-7C7F-3C0D-9B55-551370009502}
		{4B4E93FA-0D02-3829-BDB7-A600CBE44F88} = {4B4E93FA-0D02-3829-BDB7-A600CBE44F88}
		{19449969-0862-3C9B-B32A-82666EFDC98A} = {19449969-0862-3C9B-B32A-82666EFDC98A}
		{A53A7434-EAA7-3748-9734-A339D0F9C786} = {A53A7434-EAA7-3748-9734-A339D0F9C786}
		{0A04DB6D-A0A2-35D9-B871-71DDF9EC8346} = {0A04DB6D-A0A2-35D9-B871-71DDF9EC8346}
		{440DC6BA-667B-3EEB-8AD7-194161EE1D60} = {440DC6BA-667B-3EEB-8AD7-194161EE1D60}
	EndProjectSection
EndProject
Project("{8BC9CEB8-8B4A-11D0-8D11-00A0C91BC942}") = "ZERO_CHECK", "..\..\..\\ZERO_CHECK.vcxproj", "{84C72666-831B-3B57-BE3B-839EA7044157}"
	ProjectSection(ProjectDependencies) = postProject
	EndProjectSection
EndProject
Project("{8BC9CEB8-8B4A-11D0-8D11-00A0C91BC942}") = "cocos2d", "cocos2d.vcxproj", "{1C9B392C-F507-361D-9371-393E3B82CE89}"
	ProjectSection(ProjectDependencies) = postProject
		{84C72666-831B-3B57-BE3B-839EA7044157} = {84C72666-831B-3B57-BE3B-839EA7044157}
		{7174B56E-732A-3AC9-AB98-8F4920CE5651} = {7174B56E-732A-3AC9-AB98-8F4920CE5651}
		{8D9248FC-E93A-3776-B2C2-50307DE97634} = {8D9248FC-E93A-3776-B2C2-50307DE97634}
		{2438F893-9DF3-302E-875E-200C44DB1B17} = {2438F893-9DF3-302E-875E-200C44DB1B17}
		{E23CB8A1-99D2-3894-819B-EF4D2789118A} = {E23CB8A1-99D2-3894-819B-EF4D2789118A}
		{136D9E14-36A6-3D77-962B-1F3F14A58F57} = {136D9E14-36A6-3D77-962B-1F3F14A58F57}
		{3FA8B359-7C7F-3C0D-9B55-551370009502} = {3FA8B359-7C7F-3C0D-9B55-551370009502}
		{4B4E93FA-0D02-3829-BDB7-A600CBE44F88} = {4B4E93FA-0D02-3829-BDB7-A600CBE44F88}
		{19449969-0862-3C9B-B32A-82666EFDC98A} = {19449969-0862-3C9B-B32A-82666EFDC98A}
		{A53A7434-EAA7-3748-9734-A339D0F9C786} = {A53A7434-EAA7-3748-9734-A339D0F9C786}
		{0A04DB6D-A0A2-35D9-B871-71DDF9EC8346} = {0A04DB6D-A0A2-35D9-B871-71DDF9EC8346}
		{440DC6BA-667B-3EEB-8AD7-194161EE1D60} = {440DC6BA-667B-3EEB-8AD7-194161EE1D60}
	EndProjectSection
EndProject
Project("{8BC9CEB8-8B4A-11D0-8D11-00A0C91BC942}") = "ext_clipper", "..\..\external\clipper\ext_clipper.vcxproj", "{7174B56E-732A-3AC9-AB98-8F4920CE5651}"
	ProjectSection(ProjectDependencies) = postProject
		{84C72666-831B-3B57-BE3B-839EA7044157} = {84C72666-831B-3B57-BE3B-839EA7044157}
	EndProjectSection
EndProject
Project("{8BC9CEB8-8B4A-11D0-8D11-00A0C91BC942}") = "ext_convertUTF", "..\..\external\ConvertUTF\ext_convertUTF.vcxproj", "{8D9248FC-E93A-3776-B2C2-50307DE97634}"
	ProjectSection(ProjectDependencies) = postProject
		{84C72666-831B-3B57-BE3B-839EA7044157} = {84C72666-831B-3B57-BE3B-839EA7044157}
	EndProjectSection
EndProject
Project("{8BC9CEB8-8B4A-11D0-8D11-00A0C91BC942}") = "ext_edtaa3func", "..\..\external\edtaa3func\ext_edtaa3func.vcxproj", "{2438F893-9DF3-302E-875E-200C44DB1B17}"
	ProjectSection(ProjectDependencies) = postProject
		{84C72666-831B-3B57-BE3B-839EA7044157} = {84C72666-831B-3B57-BE3B-839EA7044157}
	EndProjectSection
EndProject
Project("{8BC9CEB8-8B4A-11D0-8D11-00A0C91BC942}") = "ext_md5", "..\..\external\md5\ext_md5.vcxproj", "{E23CB8A1-99D2-3894-819B-EF4D2789118A}"
	ProjectSection(ProjectDependencies) = postProject
		{84C72666-831B-3B57-BE3B-839EA7044157} = {84C72666-831B-3B57-BE3B-839EA7044157}
	EndProjectSection
EndProject
Project("{8BC9CEB8-8B4A-11D0-8D11-00A0C91BC942}") = "ext_poly2tri", "..\..\external\poly2tri\ext_poly2tri.vcxproj", "{136D9E14-36A6-3D77-962B-1F3F14A58F57}"
	ProjectSection(ProjectDependencies) = postProject
		{84C72666-831B-3B57-BE3B-839EA7044157} = {84C72666-831B-3B57-BE3B-839EA7044157}
	EndProjectSection
EndProject
Project("{8BC9CEB8-8B4A-11D0-8D11-00A0C91BC942}") = "ext_recast", "..\..\external\recast\ext_recast.vcxproj", "{3FA8B359-7C7F-3C0D-9B55-551370009502}"
	ProjectSection(ProjectDependencies) = postProject
		{84C72666-831B-3B57-BE3B-839EA7044157} = {84C72666-831B-3B57-BE3B-839EA7044157}
	EndProjectSection
EndProject
Project("{8BC9CEB8-8B4A-11D0-8D11-00A0C91BC942}") = "ext_tinyxml2", "..\..\external\tinyxml2\ext_tinyxml2.vcxproj", "{4B4E93FA-0D02-3829-BDB7-A600CBE44F88}"
	ProjectSection(ProjectDependencies) = postProject
		{84C72666-831B-3B57-BE3B-839EA7044157} = {84C72666-831B-3B57-BE3B-839EA7044157}
	EndProjectSection
EndProject
Project("{8BC9CEB8-8B4A-11D0-8D11-00A0C91BC942}") = "ext_unzip", "..\..\external\unzip\ext_unzip.vcxproj", "{19449969-0862-3C9B-B32A-82666EFDC98A}"
	ProjectSection(ProjectDependencies) = postProject
		{84C72666-831B-3B57-BE3B-839EA7044157} = {84C72666-831B-3B57-BE3B-839EA7044157}
	EndProjectSection
EndProject
Project("{8BC9CEB8-8B4A-11D0-8D11-00A0C91BC942}") = "ext_xxhash", "..\..\external\xxhash\ext_xxhash.vcxproj", "{A53A7434-EAA7-3748-9734-A339D0F9C786}"
	ProjectSection(ProjectDependencies) = postProject
		{84C72666-831B-3B57-BE3B-839EA7044157} = {84C72666-831B-3B57-BE3B-839EA7044157}
	EndProjectSection
EndProject
Project("{8BC9CEB8-8B4A-11D0-8D11-00A0C91BC942}") = "ext_xxtea", "..\..\external\xxtea\ext_xxtea.vcxproj", "{0A04DB6D-A0A2-35D9-B871-71DDF9EC8346}"
	ProjectSection(ProjectDependencies) = postProject
		{84C72666-831B-3B57-BE3B-839EA7044157} = {84C72666-831B-3B57-BE3B-839EA7044157}
	EndProjectSection
EndProject
Project("{8BC9CEB8-8B4A-11D0-8D11-00A0C91BC942}") = "external", "..\..\external\external.vcxproj", "{440DC6BA-667B-3EEB-8AD7-194161EE1D60}"
	ProjectSection(ProjectDependencies) = postProject
		{84C72666-831B-3B57-BE3B-839EA7044157} = {84C72666-831B-3B57-BE3B-839EA7044157}
		{7174B56E-732A-3AC9-AB98-8F4920CE5651} = {7174B56E-732A-3AC9-AB98-8F4920CE5651}
		{8D9248FC-E93A-3776-B2C2-50307DE97634} = {8D9248FC-E93A-3776-B2C2-50307DE97634}
		{2438F893-9DF3-302E-875E-200C44DB1B17} = {2438F893-9DF3-302E-875E-200C44DB1B17}
		{E23CB8A1-99D2-3894-819B-EF4D2789118A} = {E23CB8A1-99D2-3894-819B-EF4D2789118A}
		{136D9E14-36A6-3D77-962B-1F3F14A58F57} = {136D9E14-36A6-3D77-962B-1F3F14A58F57}
		{3FA8B359-7C7F-3C0D-9B55-551370009502} = {3FA8B359-7C7F-3C0D-9B55-551370009502}
		{4B4E93FA-0D02-3829-BDB7-A600CBE44F88} = {4B4E93FA-0D02-3829-BDB7-A600CBE44F88}
		{19449969-0862-3C9B-B32A-82666EFDC98A} = {19449969-0862-3C9B-B32A-82666EFDC98A}
		{A53A7434-EAA7-3748-9734-A339D0F9C786} = {A53A7434-EAA7-3748-9734-A339D0F9C786}
		{0A04DB6D-A0A2-35D9-B871-71DDF9EC8346} = {0A04DB6D-A0A2-35D9-B871-71DDF9EC8346}
	EndProjectSection
EndProject
Global
	GlobalSection(SolutionConfigurationPlatforms) = preSolution
		Debug|Win32 = Debug|Win32
		Release|Win32 = Release|Win32
		MinSizeRel|Win32 = MinSizeRel|Win32
		RelWithDebInfo|Win32 = RelWithDebInfo|Win32
	EndGlobalSection
	GlobalSection(ProjectConfigurationPlatforms) = postSolution
		{B233C263-E16F-3E19-AA97-0155A2579FF9}.Debug|Win32.ActiveCfg = Debug|Win32
		{B233C263-E16F-3E19-AA97-0155A2579FF9}.Release|Win32.ActiveCfg = Release|Win32
		{B233C263-E16F-3E19-AA97-0155A2579FF9}.MinSizeRel|Win32.ActiveCfg = MinSizeRel|Win32
		{B233C263-E16F-3E19-AA97-0155A2579FF9}.RelWithDebInfo|Win32.ActiveCfg = RelWithDebInfo|Win32
		{84C72666-831B-3B57-BE3B-839EA7044157}.Debug|Win32.ActiveCfg = Debug|Win32
		{84C72666-831B-3B57-BE3B-839EA7044157}.Debug|Win32.Build.0 = Debug|Win32
		{84C72666-831B-3B57-BE3B-839EA7044157}.Release|Win32.ActiveCfg = Release|Win32
		{84C72666-831B-3B57-BE3B-839EA7044157}.Release|Win32.Build.0 = Release|Win32
		{84C72666-831B-3B57-BE3B-839EA7044157}.MinSizeRel|Win32.ActiveCfg = MinSizeRel|Win32
		{84C72666-831B-3B57-BE3B-839EA7044157}.MinSizeRel|Win32.Build.0 = MinSizeRel|Win32
		{84C72666-831B-3B57-BE3B-839EA7044157}.RelWithDebInfo|Win32.ActiveCfg = RelWithDebInfo|Win32
		{84C72666-831B-3B57-BE3B-839EA7044157}.RelWithDebInfo|Win32.Build.0 = RelWithDebInfo|Win32
		{1C9B392C-F507-361D-9371-393E3B82CE89}.Debug|Win32.ActiveCfg = Debug|Win32
		{1C9B392C-F507-361D-9371-393E3B82CE89}.Debug|Win32.Build.0 = Debug|Win32
		{1C9B392C-F507-361D-9371-393E3B82CE89}.Release|Win32.ActiveCfg = Release|Win32
		{1C9B392C-F507-361D-9371-393E3B82CE89}.Release|Win32.Build.0 = Release|Win32
		{1C9B392C-F507-361D-9371-393E3B82CE89}.MinSizeRel|Win32.ActiveCfg = MinSizeRel|Win32
		{1C9B392C-F507-361D-9371-393E3B82CE89}.MinSizeRel|Win32.Build.0 = MinSizeRel|Win32
		{1C9B392C-F507-361D-9371-393E3B82CE89}.RelWithDebInfo|Win32.ActiveCfg = RelWithDebInfo|Win32
		{1C9B392C-F507-361D-9371-393E3B82CE89}.RelWithDebInfo|Win32.Build.0 = RelWithDebInfo|Win32
		{7174B56E-732A-3AC9-AB98-8F4920CE5651}.Debug|Win32.ActiveCfg = Debug|Win32
		{7174B56E-732A-3AC9-AB98-8F4920CE5651}.Debug|Win32.Build.0 = Debug|Win32
		{7174B56E-732A-3AC9-AB98-8F4920CE5651}.Release|Win32.ActiveCfg = Release|Win32
		{7174B56E-732A-3AC9-AB98-8F4920CE5651}.Release|Win32.Build.0 = Release|Win32
		{7174B56E-732A-3AC9-AB98-8F4920CE5651}.MinSizeRel|Win32.ActiveCfg = MinSizeRel|Win32
		{7174B56E-732A-3AC9-AB98-8F4920CE5651}.MinSizeRel|Win32.Build.0 = MinSizeRel|Win32
		{7174B56E-732A-3AC9-AB98-8F4920CE5651}.RelWithDebInfo|Win32.ActiveCfg = RelWithDebInfo|Win32
		{7174B56E-732A-3AC9-AB98-8F4920CE5651}.RelWithDebInfo|Win32.Build.0 = RelWithDebInfo|Win32
		{8D9248FC-E93A-3776-B2C2-50307DE97634}.Debug|Win32.ActiveCfg = Debug|Win32
		{8D9248FC-E93A-3776-B2C2-50307DE97634}.Debug|Win32.Build.0 = Debug|Win32
		{8D9248FC-E93A-3776-B2C2-50307DE97634}.Release|Win32.ActiveCfg = Release|Win32
		{8D9248FC-E93A-3776-B2C2-50307DE97634}.Release|Win32.Build.0 = Release|Win32
		{8D9248FC-E93A-3776-B2C2-50307DE97634}.MinSizeRel|Win32.ActiveCfg = MinSizeRel|Win32
		{8D9248FC-E93A-3776-B2C2-50307DE97634}.MinSizeRel|Win32.Build.0 = MinSizeRel|Win32
		{8D9248FC-E93A-3776-B2C2-50307DE97634}.RelWithDebInfo|Win32.ActiveCfg = RelWithDebInfo|Win32
		{8D9248FC-E93A-3776-B2C2-50307DE97634}.RelWithDebInfo|Win32.Build.0 = RelWithDebInfo|Win32
		{2438F893-9DF3-302E-875E-200C44DB1B17}.Debug|Win32.ActiveCfg = Debug|Win32
		{2438F893-9DF3-302E-875E-200C44DB1B17}.Debug|Win32.Build.0 = Debug|Win32
		{2438F893-9DF3-302E-875E-200C44DB1B17}.Release|Win32.ActiveCfg = Release|Win32
		{2438F893-9DF3-302E-875E-200C44DB1B17}.Release|Win32.Build.0 = Release|Win32
		{2438F893-9DF3-302E-875E-200C44DB1B17}.MinSizeRel|Win32.ActiveCfg = MinSizeRel|Win32
		{2438F893-9DF3-302E-875E-200C44DB1B17}.MinSizeRel|Win32.Build.0 = MinSizeRel|Win32
		{2438F893-9DF3-302E-875E-200C44DB1B17}.RelWithDebInfo|Win32.ActiveCfg = RelWithDebInfo|Win32
		{2438F893-9DF3-302E-875E-200C44DB1B17}.RelWithDebInfo|Win32.Build.0 = RelWithDebInfo|Win32
		{E23CB8A1-99D2-3894-819B-EF4D2789118A}.Debug|Win32.ActiveCfg = Debug|Win32
		{E23CB8A1-99D2-3894-819B-EF4D2789118A}.Debug|Win32.Build.0 = Debug|Win32
		{E23CB8A1-99D2-3894-819B-EF4D2789118A}.Release|Win32.ActiveCfg = Release|Win32
		{E23CB8A1-99D2-3894-819B-EF4D2789118A}.Release|Win32.Build.0 = Release|Win32
		{E23CB8A1-99D2-3894-819B-EF4D2789118A}.MinSizeRel|Win32.ActiveCfg = MinSizeRel|Win32
		{E23CB8A1-99D2-3894-819B-EF4D2789118A}.MinSizeRel|Win32.Build.0 = MinSizeRel|Win32
		{E23CB8A1-99D2-3894-819B-EF4D2789118A}.RelWithDebInfo|Win32.ActiveCfg = RelWithDebInfo|Win32
		{E23CB8A1-99D2-3894-819B-EF4D2789118A}.RelWithDebInfo|Win32.Build.0 = RelWithDebInfo|Win32
		{136D9E14-36A6-3D77-962B-1F3F14A58F57}.Debug|Win32.ActiveCfg = Debug|Win32
		{136D9E14-36A6-3D77-962B-1F3F14A58F57}.Debug|Win32.Build.0 = Debug|Win32
		{136D9E14-36A6-3D77-962B-1F3F14A58F57}.Release|Win32.ActiveCfg = Release|Win32
		{136D9E14-36A6-3D77-962B-1F3F14A58F57}.Release|Win32.Build.0 = Release|Win32
		{136D9E14-36A6-3D77-962B-1F3F14A58F57}.MinSizeRel|Win32.ActiveCfg = MinSizeRel|Win32
		{136D9E14-36A6-3D77-962B-1F3F14A58F57}.MinSizeRel|Win32.Build.0 = MinSizeRel|Win32
		{136D9E14-36A6-3D77-962B-1F3F14A58F57}.RelWithDebInfo|Win32.ActiveCfg = RelWithDebInfo|Win32
		{136D9E14-36A6-3D77-962B-1F3F14A58F57}.RelWithDebInfo|Win32.Build.0 = RelWithDebInfo|Win32
		{3FA8B359-7C7F-3C0D-9B55-551370009502}.Debug|Win32.ActiveCfg = Debug|Win32
		{3FA8B359-7C7F-3C0D-9B55-551370009502}.Debug|Win32.Build.0 = Debug|Win32
		{3FA8B359-7C7F-3C0D-9B55-551370009502}.Release|Win32.ActiveCfg = Release|Win32
		{3FA8B359-7C7F-3C0D-9B55-551370009502}.Release|Win32.Build.0 = Release|Win32
		{3FA8B359-7C7F-3C0D-9B55-551370009502}.MinSizeRel|Win32.ActiveCfg = MinSizeRel|Win32
		{3FA8B359-7C7F-3C0D-9B55-551370009502}.MinSizeRel|Win32.Build.0 = MinSizeRel|Win32
		{3FA8B359-7C7F-3C0D-9B55-551370009502}.RelWithDebInfo|Win32.ActiveCfg = RelWithDebInfo|Win32
		{3FA8B359-7C7F-3C0D-9B55-551370009502}.RelWithDebInfo|Win32.Build.0 = RelWithDebInfo|Win32
		{4B4E93FA-0D02-3829-BDB7-A600CBE44F88}.Debug|Win32.ActiveCfg = Debug|Win32
		{4B4E93FA-0D02-3829-BDB7-A600CBE44F88}.Debug|Win32.Build.0 = Debug|Win32
		{4B4E93FA-0D02-3829-BDB7-A600CBE44F88}.Release|Win32.ActiveCfg = Release|Win32
		{4B4E93FA-0D02-3829-BDB7-A600CBE44F88}.Release|Win32.Build.0 = Release|Win32
		{4B4E93FA-0D02-3829-BDB7-A600CBE44F88}.MinSizeRel|Win32.ActiveCfg = MinSizeRel|Win32
		{4B4E93FA-0D02-3829-BDB7-A600CBE44F88}.MinSizeRel|Win32.Build.0 = MinSizeRel|Win32
		{4B4E93FA-0D02-3829-BDB7-A600CBE44F88}.RelWithDebInfo|Win32.ActiveCfg = RelWithDebInfo|Win32
		{4B4E93FA-0D02-3829-BDB7-A600CBE44F88}.RelWithDebInfo|Win32.Build.0 = RelWithDebInfo|Win32
		{19449969-0862-3C9B-B32A-82666EFDC98A}.Debug|Win32.ActiveCfg = Debug|Win32
		{19449969-0862-3C9B-B32A-82666EFDC98A}.Debug|Win32.Build.0 = Debug|Win32
		{19449969-0862-3C9B-B32A-82666EFDC98A}.Release|Win32.ActiveCfg = Release|Win32
		{19449969-0862-3C9B-B32A-82666EFDC98A}.Release|Win32.Build.0 = Release|Win32
		{19449969-0862-3C9B-B32A-82666EFDC98A}.MinSizeRel|Win32.ActiveCfg = MinSizeRel|Win32
		{19449969-0862-3C9B-B32A-82666EFDC98A}.MinSizeRel|Win32.Build.0 = MinSizeRel|Win32
		{19449969-0862-3C9B-B32A-82666EFDC98A}.RelWithDebInfo|Win32.ActiveCfg = RelWithDebInfo|Win32
		{19449969-0862-3C9B-B32A-82666EFDC98A}.RelWithDebInfo|Win32.Build.0 = RelWithDebInfo|Win32
		{A53A7434-EAA7-3748-9734-A339D0F9C786}.Debug|Win32.ActiveCfg = Debug|Win32
		{A53A7434-EAA7-3748-9734-A339D0F9C786}.Debug|Win32.Build.0 = Debug|Win32
		{A53A7434-EAA7-3748-9734-A339D0F9C786}.Release|Win32.ActiveCfg = Release|Win32
		{A53A7434-EAA7-3748-9734-A339D0F9C786}.Release|Win32.Build.0 = Release|Win32
		{A53A7434-EAA7-3748-9734-A339D0F9C786}.MinSizeRel|Win32.ActiveCfg = MinSizeRel|Win32
		{A53A7434-EAA7-3748-9734-A339D0F9C786}.MinSizeRel|Win32.Build.0 = MinSizeRel|Win32
		{A53A7434-EAA7-3748-9734-A339D0F9C786}.RelWithDebInfo|Win32.ActiveCfg = RelWithDebInfo|Win32
		{A53A7434-EAA7-3748-9734-A339D0F9C786}.RelWithDebInfo|Win32.Build.0 = RelWithDebInfo|Win32
		{0A04DB6D-A0A2-35D9-B871-71DDF9EC8346}.Debug|Win32.ActiveCfg = Debug|Win32
		{0A04DB6D-A0A2-35D9-B871-71DDF9EC8346}.Debug|Win32.Build.0 = Debug|Win32
		{0A04DB6D-A0A2-35D9-B871-71DDF9EC8346}.Release|Win32.ActiveCfg = Release|Win32
		{0A04DB6D-A0A2-35D9-B871-71DDF9EC8346}.Release|Win32.Build.0 = Release|Win32
		{0A04DB6D-A0A2-35D9-B871-71DDF9EC8346}.MinSizeRel|Win32.ActiveCfg = MinSizeRel|Win32
		{0A04DB6D-A0A2-35D9-B871-71DDF9EC8346}.MinSizeRel|Win32.Build.0 = MinSizeRel|Win32
		{0A04DB6D-A0A2-35D9-B871-71DDF9EC8346}.RelWithDebInfo|Win32.ActiveCfg = RelWithDebInfo|Win32
		{0A04DB6D-A0A2-35D9-B871-71DDF9EC8346}.RelWithDebInfo|Win32.Build.0 = RelWithDebInfo|Win32
		{440DC6BA-667B-3EEB-8AD7-194161EE1D60}.Debug|Win32.ActiveCfg = Debug|Win32
		{440DC6BA-667B-3EEB-8AD7-194161EE1D60}.Debug|Win32.Build.0 = Debug|Win32
		{440DC6BA-667B-3EEB-8AD7-194161EE1D60}.Release|Win32.ActiveCfg = Release|Win32
		{440DC6BA-667B-3EEB-8AD7-194161EE1D60}.Release|Win32.Build.0 = Release|Win32
		{440DC6BA-667B-3EEB-8AD7-194161EE1D60}.MinSizeRel|Win32.ActiveCfg = MinSizeRel|Win32
		{440DC6BA-667B-3EEB-8AD7-194161EE1D60}.MinSizeRel|Win32.Build.0 = MinSizeRel|Win32
		{440DC6BA-667B-3EEB-8AD7-194161EE1D60}.RelWithDebInfo|Win32.ActiveCfg = RelWithDebInfo|Win32
		{440DC6BA-667B-3EEB-8AD7-194161EE1D60}.RelWithDebInfo|Win32.Build.0 = RelWithDebInfo|Win32
	EndGlobalSection
	GlobalSection(NestedProjects) = preSolution
		{B233C263-E16F-3E19-AA97-0155A2579FF9} = {30D15EAC-BEC1-3B39-AA8B-787FF690DA67}
		{84C72666-831B-3B57-BE3B-839EA7044157} = {30D15EAC-BEC1-3B39-AA8B-787FF690DA67}
		{7174B56E-732A-3AC9-AB98-8F4920CE5651} = {E206A375-0644-3E3E-8D16-269AC7840C0F}
		{8D9248FC-E93A-3776-B2C2-50307DE97634} = {E206A375-0644-3E3E-8D16-269AC7840C0F}
		{2438F893-9DF3-302E-875E-200C44DB1B17} = {E206A375-0644-3E3E-8D16-269AC7840C0F}
		{E23CB8A1-99D2-3894-819B-EF4D2789118A} = {E206A375-0644-3E3E-8D16-269AC7840C0F}
		{136D9E14-36A6-3D77-962B-1F3F14A58F57} = {E206A375-0644-3E3E-8D16-269AC7840C0F}
		{3FA8B359-7C7F-3C0D-9B55-551370009502} = {E206A375-0644-3E3E-8D16-269AC7840C0F}
		{4B4E93FA-0D02-3829-BDB7-A600CBE44F88} = {E206A375-0644-3E3E-8D16-269AC7840C0F}
		{19449969-0862-3C9B-B32A-82666EFDC98A} = {E206A375-0644-3E3E-8D16-269AC7840C0F}
		{A53A7434-EAA7-3748-9734-A339D0F9C786} = {E206A375-0644-3E3E-8D16-269AC7840C0F}
		{0A04DB6D-A0A2-35D9-B871-71DDF9EC8346} = {E206A375-0644-3E3E-8D16-269AC7840C0F}
		{440DC6BA-667B-3EEB-8AD7-194161EE1D60} = {E206A375-0644-3E3E-8D16-269AC7840C0F}
		{1C9B392C-F507-361D-9371-393E3B82CE89} = {F93F2521-EB8C-3CF3-A353-1DEBCFA8AC32}
	EndGlobalSection
	GlobalSection(ExtensibilityGlobals) = postSolution
		SolutionGuid = {D6E9C72F-1F0D-3CF6-A97A-5669770BAC77}
	EndGlobalSection
	GlobalSection(ExtensibilityAddIns) = postSolution
	EndGlobalSection
EndGlobal
